// !$*UTF8*$!
{
	archiveVersion = 1;
	classes = {
	};
	objectVersion = 50;
	objects = {

/* Begin PBXBuildFile section */
		C234BC6E241252EB008237B4 /* PostCellToolbarButton.swift in Sources */ = {isa = PBXBuildFile; fileRef = C234BC6D241252EB008237B4 /* PostCellToolbarButton.swift */; };
		C234BC7024125DDE008237B4 /* PostListView.swift in Sources */ = {isa = PBXBuildFile; fileRef = C234BC6F24125DDE008237B4 /* PostListView.swift */; };
		C259227C24134777000D161A /* PostImageCell.swift in Sources */ = {isa = PBXBuildFile; fileRef = C259227B24134777000D161A /* PostImageCell.swift */; };
		C259227E2413597C000D161A /* PostDetailView.swift in Sources */ = {isa = PBXBuildFile; fileRef = C259227D2413597C000D161A /* PostDetailView.swift */; };
		C25B8BEF241503EE004FF896 /* HScrollViewController.swift in Sources */ = {isa = PBXBuildFile; fileRef = C25B8BEE241503EE004FF896 /* HScrollViewController.swift */; };
		C268D823240FE53100432A22 /* AppDelegate.swift in Sources */ = {isa = PBXBuildFile; fileRef = C268D822240FE53100432A22 /* AppDelegate.swift */; };
		C268D825240FE53100432A22 /* SceneDelegate.swift in Sources */ = {isa = PBXBuildFile; fileRef = C268D824240FE53100432A22 /* SceneDelegate.swift */; };
		C268D827240FE53100432A22 /* ContentView.swift in Sources */ = {isa = PBXBuildFile; fileRef = C268D826240FE53100432A22 /* ContentView.swift */; };
		C268D829240FE53200432A22 /* Assets.xcassets in Resources */ = {isa = PBXBuildFile; fileRef = C268D828240FE53200432A22 /* Assets.xcassets */; };
		C268D82C240FE53200432A22 /* Preview Assets.xcassets in Resources */ = {isa = PBXBuildFile; fileRef = C268D82B240FE53200432A22 /* Preview Assets.xcassets */; };
		C268D82F240FE53200432A22 /* LaunchScreen.storyboard in Resources */ = {isa = PBXBuildFile; fileRef = C268D82D240FE53200432A22 /* LaunchScreen.storyboard */; };
		C268D83A240FE53300432A22 /* WeiboDemoTests.swift in Sources */ = {isa = PBXBuildFile; fileRef = C268D839240FE53300432A22 /* WeiboDemoTests.swift */; };
		C268D845240FE53300432A22 /* WeiboDemoUITests.swift in Sources */ = {isa = PBXBuildFile; fileRef = C268D844240FE53300432A22 /* WeiboDemoUITests.swift */; };
		C268D855240FEAA200432A22 /* PostCell.swift in Sources */ = {isa = PBXBuildFile; fileRef = C268D854240FEAA200432A22 /* PostCell.swift */; };
		C277E1CF241633E400EBA50B /* CommentInputView.swift in Sources */ = {isa = PBXBuildFile; fileRef = C277E1CE241633E400EBA50B /* CommentInputView.swift */; };
		C277E1D12416491000EBA50B /* CommentTextView.swift in Sources */ = {isa = PBXBuildFile; fileRef = C277E1D02416491000EBA50B /* CommentTextView.swift */; };
		C277E1D324165A8B00EBA50B /* KeyboardResponder.swift in Sources */ = {isa = PBXBuildFile; fileRef = C277E1D224165A8B00EBA50B /* KeyboardResponder.swift */; };
		C29E8FB62413A9D100392267 /* HomeNavigationBar.swift in Sources */ = {isa = PBXBuildFile; fileRef = C29E8FB52413A9D100392267 /* HomeNavigationBar.swift */; };
		C29E8FB82413C3B500392267 /* HomeView.swift in Sources */ = {isa = PBXBuildFile; fileRef = C29E8FB72413C3B500392267 /* HomeView.swift */; };
		C29E8FBA2413C6C100392267 /* UserData.swift in Sources */ = {isa = PBXBuildFile; fileRef = C29E8FB92413C6C100392267 /* UserData.swift */; };
		C2E8DB5E2411F31400D78FD3 /* Post.swift in Sources */ = {isa = PBXBuildFile; fileRef = C2E8DB5D2411F31400D78FD3 /* Post.swift */; };
		C2F7E592241107AB005CBEB6 /* 8697cf1ely8gashxj3b09j20u00u040v.jpg in Resources */ = {isa = PBXBuildFile; fileRef = C2F7E53F241107AA005CBEB6 /* 8697cf1ely8gashxj3b09j20u00u040v.jpg */; };
		C2F7E593241107AB005CBEB6 /* d0c21786ly1gavj2c0kcej20c8096dh7.jpg in Resources */ = {isa = PBXBuildFile; fileRef = C2F7E540241107AA005CBEB6 /* d0c21786ly1gavj2c0kcej20c8096dh7.jpg */; };
		C2F7E594241107AB005CBEB6 /* 6ec3b446jw1e8qgp5bmzyj2050050aa8.jpg in Resources */ = {isa = PBXBuildFile; fileRef = C2F7E541241107AA005CBEB6 /* 6ec3b446jw1e8qgp5bmzyj2050050aa8.jpg */; };
		C2F7E595241107AB005CBEB6 /* 8a0b5544jw1e8qgp5bmzyj2050050aa8.jpg in Resources */ = {isa = PBXBuildFile; fileRef = C2F7E542241107AA005CBEB6 /* 8a0b5544jw1e8qgp5bmzyj2050050aa8.jpg */; };
		C2F7E596241107AB005CBEB6 /* bca7fdafly1gax1gqdg6qj20c80avdgl.jpg in Resources */ = {isa = PBXBuildFile; fileRef = C2F7E543241107AA005CBEB6 /* bca7fdafly1gax1gqdg6qj20c80avdgl.jpg */; };
		C2F7E597241107AB005CBEB6 /* 9dc7402fjw1e8qgp5bmzyj2050050aa8.jpg in Resources */ = {isa = PBXBuildFile; fileRef = C2F7E544241107AA005CBEB6 /* 9dc7402fjw1e8qgp5bmzyj2050050aa8.jpg */; };
		C2F7E598241107AB005CBEB6 /* eb5c94aegy1gav25n5ibjj20zk1h8wuu.jpg in Resources */ = {isa = PBXBuildFile; fileRef = C2F7E545241107AA005CBEB6 /* eb5c94aegy1gav25n5ibjj20zk1h8wuu.jpg */; };
		C2F7E599241107AB005CBEB6 /* 006gWxMEly1gavap8dywoj30hs0bwq48.jpg in Resources */ = {isa = PBXBuildFile; fileRef = C2F7E546241107AA005CBEB6 /* 006gWxMEly1gavap8dywoj30hs0bwq48.jpg */; };
		C2F7E59A241107AB005CBEB6 /* 630584a6gy1gau54zl806j20m80etmzo.jpg in Resources */ = {isa = PBXBuildFile; fileRef = C2F7E547241107AA005CBEB6 /* 630584a6gy1gau54zl806j20m80etmzo.jpg */; };
		C2F7E59B241107AB005CBEB6 /* 9dc7402fgy1gavd38wwlrj20j60nyq6y.jpg in Resources */ = {isa = PBXBuildFile; fileRef = C2F7E548241107AA005CBEB6 /* 9dc7402fgy1gavd38wwlrj20j60nyq6y.jpg */; };
		C2F7E59C241107AB005CBEB6 /* 8a0b5544gy1gauy2flua6j20u00hitab.jpg in Resources */ = {isa = PBXBuildFile; fileRef = C2F7E549241107AA005CBEB6 /* 8a0b5544gy1gauy2flua6j20u00hitab.jpg */; };
		C2F7E59D241107AB005CBEB6 /* 7f9147a5ly1fzxlh4ovuej20e90fl4fo.jpg in Resources */ = {isa = PBXBuildFile; fileRef = C2F7E54A241107AA005CBEB6 /* 7f9147a5ly1fzxlh4ovuej20e90fl4fo.jpg */; };
		C2F7E59E241107AB005CBEB6 /* 7f9147a5ly1fzxlgxgzpij20e90fltsj.jpg in Resources */ = {isa = PBXBuildFile; fileRef = C2F7E54B241107AA005CBEB6 /* 7f9147a5ly1fzxlgxgzpij20e90fltsj.jpg */; };
		C2F7E59F241107AB005CBEB6 /* 76297935ly1gatz8obqvkj22c0340npe.jpg in Resources */ = {isa = PBXBuildFile; fileRef = C2F7E54C241107AA005CBEB6 /* 76297935ly1gatz8obqvkj22c0340npe.jpg */; };
		C2F7E5A0241107AB005CBEB6 /* d0c21786ly8fsax1ftiifj20ro0ro43g.jpg in Resources */ = {isa = PBXBuildFile; fileRef = C2F7E54D241107AA005CBEB6 /* d0c21786ly8fsax1ftiifj20ro0ro43g.jpg */; };
		C2F7E5A1241107AB005CBEB6 /* 9dc7402fgy1gavd38kqjtj20j60nyn1d.jpg in Resources */ = {isa = PBXBuildFile; fileRef = C2F7E54E241107AA005CBEB6 /* 9dc7402fgy1gavd38kqjtj20j60nyn1d.jpg */; };
		C2F7E5A2241107AB005CBEB6 /* 6a2afec3gy1gaulykcejqj20t5145wns.jpg in Resources */ = {isa = PBXBuildFile; fileRef = C2F7E54F241107AA005CBEB6 /* 6a2afec3gy1gaulykcejqj20t5145wns.jpg */; };
		C2F7E5A3241107AB005CBEB6 /* 4e7f0c83gy1gam2mp0x4pj22tc240u0x.jpg in Resources */ = {isa = PBXBuildFile; fileRef = C2F7E550241107AA005CBEB6 /* 4e7f0c83gy1gam2mp0x4pj22tc240u0x.jpg */; };
		C2F7E5A4241107AB005CBEB6 /* c5aa834fgy1gauzrb7s5ej20tz13qh5x.jpg in Resources */ = {isa = PBXBuildFile; fileRef = C2F7E551241107AA005CBEB6 /* c5aa834fgy1gauzrb7s5ej20tz13qh5x.jpg */; };
		C2F7E5A5241107AB005CBEB6 /* 700a34f6gy1gaunswxtlrj20j60pkgok.jpg in Resources */ = {isa = PBXBuildFile; fileRef = C2F7E552241107AA005CBEB6 /* 700a34f6gy1gaunswxtlrj20j60pkgok.jpg */; };
		C2F7E5A6241107AB005CBEB6 /* 8a0b5544gy1gauy2ex786j20u0129aed.jpg in Resources */ = {isa = PBXBuildFile; fileRef = C2F7E553241107AA005CBEB6 /* 8a0b5544gy1gauy2ex786j20u0129aed.jpg */; };
		C2F7E5A7241107AB005CBEB6 /* 76297935ly1gatz89dzblj23402c0qv6.jpg in Resources */ = {isa = PBXBuildFile; fileRef = C2F7E554241107AA005CBEB6 /* 76297935ly1gatz89dzblj23402c0qv6.jpg */; };
		C2F7E5A8241107AB005CBEB6 /* 700a34f6gy1gaunswy5qnj20j60pkadk.jpg in Resources */ = {isa = PBXBuildFile; fileRef = C2F7E555241107AA005CBEB6 /* 700a34f6gy1gaunswy5qnj20j60pkadk.jpg */; };
		C2F7E5A9241107AB005CBEB6 /* bca7fdafgw1ekhkps65b1j2050050dg4.jpg in Resources */ = {isa = PBXBuildFile; fileRef = C2F7E556241107AA005CBEB6 /* bca7fdafgw1ekhkps65b1j2050050dg4.jpg */; };
		C2F7E5AA241107AB005CBEB6 /* PostListData_recommend_1.json in Resources */ = {isa = PBXBuildFile; fileRef = C2F7E557241107AA005CBEB6 /* PostListData_recommend_1.json */; };
		C2F7E5AB241107AB005CBEB6 /* 006gWxMEly8g0bjpl3ynij30kv0kv773.jpg in Resources */ = {isa = PBXBuildFile; fileRef = C2F7E558241107AA005CBEB6 /* 006gWxMEly8g0bjpl3ynij30kv0kv773.jpg */; };
		C2F7E5AC241107AB005CBEB6 /* 6ec3b446gy1gavd51jc4lj20j60pmwhl.jpg in Resources */ = {isa = PBXBuildFile; fileRef = C2F7E559241107AA005CBEB6 /* 6ec3b446gy1gavd51jc4lj20j60pmwhl.jpg */; };
		C2F7E5AD241107AB005CBEB6 /* 006gWxMEly1gavap88gttj30hs0a0dgf.jpg in Resources */ = {isa = PBXBuildFile; fileRef = C2F7E55A241107AA005CBEB6 /* 006gWxMEly1gavap88gttj30hs0a0dgf.jpg */; };
		C2F7E5AE241107AB005CBEB6 /* 4e7f0c83gy1gam2ml6nucj22tc240kjl.jpg in Resources */ = {isa = PBXBuildFile; fileRef = C2F7E55B241107AA005CBEB6 /* 4e7f0c83gy1gam2ml6nucj22tc240kjl.jpg */; };
		C2F7E5AF241107AB005CBEB6 /* 4e7f0c83gy1gam2misv31j21hc0u016k.jpg in Resources */ = {isa = PBXBuildFile; fileRef = C2F7E55C241107AA005CBEB6 /* 4e7f0c83gy1gam2misv31j21hc0u016k.jpg */; };
		C2F7E5B0241107AB005CBEB6 /* 8a0b5544gy1gauy2gmkg9j20u00gegnp.jpg in Resources */ = {isa = PBXBuildFile; fileRef = C2F7E55D241107AA005CBEB6 /* 8a0b5544gy1gauy2gmkg9j20u00gegnp.jpg */; };
		C2F7E5B1241107AB005CBEB6 /* 006gWxMEly1gavap8vsqaj30hs0bwgm6.jpg in Resources */ = {isa = PBXBuildFile; fileRef = C2F7E55E241107AA005CBEB6 /* 006gWxMEly1gavap8vsqaj30hs0bwgm6.jpg */; };
		C2F7E5B2241107AB005CBEB6 /* 648ed25bjw8est9nqrtnij20500503yr.jpg in Resources */ = {isa = PBXBuildFile; fileRef = C2F7E55F241107AA005CBEB6 /* 648ed25bjw8est9nqrtnij20500503yr.jpg */; };
		C2F7E5B3241107AB005CBEB6 /* eb5c94aegy1gav25ox6dvj20u00k1go9.jpg in Resources */ = {isa = PBXBuildFile; fileRef = C2F7E560241107AA005CBEB6 /* eb5c94aegy1gav25ox6dvj20u00k1go9.jpg */; };
		C2F7E5B4241107AB005CBEB6 /* 8a0b5544gy1gauy2g35yoj20u00fomzf.jpg in Resources */ = {isa = PBXBuildFile; fileRef = C2F7E561241107AA005CBEB6 /* 8a0b5544gy1gauy2g35yoj20u00fomzf.jpg */; };
		C2F7E5B5241107AB005CBEB6 /* 006PdkDoly8ffywe2fq39j304g04gwed.jpg in Resources */ = {isa = PBXBuildFile; fileRef = C2F7E562241107AA005CBEB6 /* 006PdkDoly8ffywe2fq39j304g04gwed.jpg */; };
		C2F7E5B6241107AB005CBEB6 /* 700a34f6gy1gaunsxgzixj20j60edmz8.jpg in Resources */ = {isa = PBXBuildFile; fileRef = C2F7E563241107AA005CBEB6 /* 700a34f6gy1gaunsxgzixj20j60edmz8.jpg */; };
		C2F7E5B7241107AB005CBEB6 /* bca7fdafly1gax1gqdnboj20c80atmxp.jpg in Resources */ = {isa = PBXBuildFile; fileRef = C2F7E564241107AA005CBEB6 /* bca7fdafly1gax1gqdnboj20c80atmxp.jpg */; };
		C2F7E5B8241107AB005CBEB6 /* c5aa834fgy1gauzr6venkj20u01hc12f.jpg in Resources */ = {isa = PBXBuildFile; fileRef = C2F7E565241107AA005CBEB6 /* c5aa834fgy1gauzr6venkj20u01hc12f.jpg */; };
		C2F7E5B9241107AB005CBEB6 /* 7f9147a5ly1fzxlh6hzdnj20e90fl7me.jpg in Resources */ = {isa = PBXBuildFile; fileRef = C2F7E566241107AA005CBEB6 /* 7f9147a5ly1fzxlh6hzdnj20e90fl7me.jpg */; };
		C2F7E5BA241107AB005CBEB6 /* 630584a6gy1gau54zm4dtj20m80dftbv.jpg in Resources */ = {isa = PBXBuildFile; fileRef = C2F7E567241107AA005CBEB6 /* 630584a6gy1gau54zm4dtj20m80dftbv.jpg */; };
		C2F7E5BB241107AB005CBEB6 /* c5aa834fgy1gauzr86bp5j20pb0w47in.jpg in Resources */ = {isa = PBXBuildFile; fileRef = C2F7E568241107AA005CBEB6 /* c5aa834fgy1gauzr86bp5j20pb0w47in.jpg */; };
		C2F7E5BC241107AB005CBEB6 /* 9dc7402fgy1gavd39ba15j20j60nywii.jpg in Resources */ = {isa = PBXBuildFile; fileRef = C2F7E569241107AA005CBEB6 /* 9dc7402fgy1gavd39ba15j20j60nywii.jpg */; };
		C2F7E5BD241107AB005CBEB6 /* bca7fdafly1gax1gqfgsjj20c80axaay.jpg in Resources */ = {isa = PBXBuildFile; fileRef = C2F7E56A241107AA005CBEB6 /* bca7fdafly1gax1gqfgsjj20c80axaay.jpg */; };
		C2F7E5BE241107AB005CBEB6 /* c5aa834fly8g97m8ix9lcj20re0regnk.jpg in Resources */ = {isa = PBXBuildFile; fileRef = C2F7E56B241107AA005CBEB6 /* c5aa834fly8g97m8ix9lcj20re0regnk.jpg */; };
		C2F7E5BF241107AB005CBEB6 /* 700a34f6ly8g9a29rjt92j20fn0iqdg8.jpg in Resources */ = {isa = PBXBuildFile; fileRef = C2F7E56C241107AA005CBEB6 /* 700a34f6ly8g9a29rjt92j20fn0iqdg8.jpg */; };
		C2F7E5C0241107AB005CBEB6 /* d0c21786ly1gavj2cdrkyj20c80720tg.jpg in Resources */ = {isa = PBXBuildFile; fileRef = C2F7E56D241107AA005CBEB6 /* d0c21786ly1gavj2cdrkyj20c80720tg.jpg */; };
		C2F7E5C1241107AB005CBEB6 /* bca7fdafly1gax1gqehdaj20c80atq3x.jpg in Resources */ = {isa = PBXBuildFile; fileRef = C2F7E56E241107AA005CBEB6 /* bca7fdafly1gax1gqehdaj20c80atq3x.jpg */; };
		C2F7E5C2241107AB005CBEB6 /* d0c21786ly1gavj2d17d9j20c808zq3r.jpg in Resources */ = {isa = PBXBuildFile; fileRef = C2F7E56F241107AA005CBEB6 /* d0c21786ly1gavj2d17d9j20c808zq3r.jpg */; };
		C2F7E5C3241107AB005CBEB6 /* 8a0b5544gy1gauy2gz000j20u00n6wgj.jpg in Resources */ = {isa = PBXBuildFile; fileRef = C2F7E570241107AA005CBEB6 /* 8a0b5544gy1gauy2gz000j20u00n6wgj.jpg */; };
		C2F7E5C4241107AB005CBEB6 /* 006PdkDogy1gap6ngj12ej30u011itf7.jpg in Resources */ = {isa = PBXBuildFile; fileRef = C2F7E571241107AA005CBEB6 /* 006PdkDogy1gap6ngj12ej30u011itf7.jpg */; };
		C2F7E5C5241107AB005CBEB6 /* 700a34f6gy1gaunsx2jywj20j60pkaeu.jpg in Resources */ = {isa = PBXBuildFile; fileRef = C2F7E572241107AA005CBEB6 /* 700a34f6gy1gaunsx2jywj20j60pkaeu.jpg */; };
		C2F7E5C6241107AB005CBEB6 /* 4e7f0c83gy1gam2mr1b81j22tc2407wi.jpg in Resources */ = {isa = PBXBuildFile; fileRef = C2F7E573241107AA005CBEB6 /* 4e7f0c83gy1gam2mr1b81j22tc2407wi.jpg */; };
		C2F7E5C7241107AB005CBEB6 /* 6a2afec3jw8fb4ld0qf2gj20e80dsdfz.jpg in Resources */ = {isa = PBXBuildFile; fileRef = C2F7E574241107AA005CBEB6 /* 6a2afec3jw8fb4ld0qf2gj20e80dsdfz.jpg */; };
		C2F7E5C8241107AB005CBEB6 /* bca7fdafly1gax1gqd9vmj20c80ayaam.jpg in Resources */ = {isa = PBXBuildFile; fileRef = C2F7E575241107AA005CBEB6 /* bca7fdafly1gax1gqd9vmj20c80ayaam.jpg */; };
		C2F7E5C9241107AB005CBEB6 /* 8a0b5544gy1gauy2hcozsj20u01czdiy.jpg in Resources */ = {isa = PBXBuildFile; fileRef = C2F7E576241107AA005CBEB6 /* 8a0b5544gy1gauy2hcozsj20u01czdiy.jpg */; };
		C2F7E5CA241107AB005CBEB6 /* c5aa834fgy1gauzr95r6fj20tw0l3dq4.jpg in Resources */ = {isa = PBXBuildFile; fileRef = C2F7E577241107AA005CBEB6 /* c5aa834fgy1gauzr95r6fj20tw0l3dq4.jpg */; };
		C2F7E5CB241107AB005CBEB6 /* 006PdkDogy1gap6ngiyn3j30u011idle.jpg in Resources */ = {isa = PBXBuildFile; fileRef = C2F7E578241107AA005CBEB6 /* 006PdkDogy1gap6ngiyn3j30u011idle.jpg */; };
		C2F7E5CC241107AB005CBEB6 /* d0c21786ly1gavj2btv6tj20c80790tg.jpg in Resources */ = {isa = PBXBuildFile; fileRef = C2F7E579241107AA005CBEB6 /* d0c21786ly1gavj2btv6tj20c80790tg.jpg */; };
		C2F7E5CD241107AB005CBEB6 /* PostListData_hot_1.json in Resources */ = {isa = PBXBuildFile; fileRef = C2F7E57A241107AA005CBEB6 /* PostListData_hot_1.json */; };
		C2F7E5CE241107AB005CBEB6 /* eb5c94aely8fmvumnl9baj20v90v9q49.jpg in Resources */ = {isa = PBXBuildFile; fileRef = C2F7E57B241107AA005CBEB6 /* eb5c94aely8fmvumnl9baj20v90v9q49.jpg */; };
		C2F7E5CF241107AB005CBEB6 /* 630584a6ly8fqs5wwkkmrj20ku0kuta7.jpg in Resources */ = {isa = PBXBuildFile; fileRef = C2F7E57C241107AA005CBEB6 /* 630584a6ly8fqs5wwkkmrj20ku0kuta7.jpg */; };
		C2F7E5D0241107AB005CBEB6 /* d0c21786ly1gavj2cowp9j20c8083ab4.jpg in Resources */ = {isa = PBXBuildFile; fileRef = C2F7E57D241107AA005CBEB6 /* d0c21786ly1gavj2cowp9j20c8083ab4.jpg */; };
		C2F7E5D1241107AB005CBEB6 /* 9dc7402fgy1gavd367p0pj20j60nywic.jpg in Resources */ = {isa = PBXBuildFile; fileRef = C2F7E57E241107AA005CBEB6 /* 9dc7402fgy1gavd367p0pj20j60nywic.jpg */; };
		C2F7E5D2241107AB005CBEB6 /* 006gWxMEly1gavap86qr9j30ht0qo40t.jpg in Resources */ = {isa = PBXBuildFile; fileRef = C2F7E57F241107AA005CBEB6 /* 006gWxMEly1gavap86qr9j30ht0qo40t.jpg */; };
		C2F7E5D3241107AB005CBEB6 /* 76297935ly1gatz8k5itij22c02c01ky.jpg in Resources */ = {isa = PBXBuildFile; fileRef = C2F7E580241107AA005CBEB6 /* 76297935ly1gatz8k5itij22c02c01ky.jpg */; };
		C2F7E5D4241107AB005CBEB6 /* 76297935ly1gatz8g5rvxj22c03401kz.jpg in Resources */ = {isa = PBXBuildFile; fileRef = C2F7E581241107AA005CBEB6 /* 76297935ly1gatz8g5rvxj22c03401kz.jpg */; };
		C2F7E5D5241107AB005CBEB6 /* 700a34f6gy1gaunsxhp4pj20j60pkn1k.jpg in Resources */ = {isa = PBXBuildFile; fileRef = C2F7E582241107AA005CBEB6 /* 700a34f6gy1gaunsxhp4pj20j60pkn1k.jpg */; };
		C2F7E5D6241107AB005CBEB6 /* eb5c94aegy1gav2509cp5j20zk0k0n2j.jpg in Resources */ = {isa = PBXBuildFile; fileRef = C2F7E583241107AA005CBEB6 /* eb5c94aegy1gav2509cp5j20zk0k0n2j.jpg */; };
		C2F7E5D7241107AB005CBEB6 /* 4e7f0c83gy1gam2mn58d3j22tc240qv5.jpg in Resources */ = {isa = PBXBuildFile; fileRef = C2F7E584241107AA005CBEB6 /* 4e7f0c83gy1gam2mn58d3j22tc240qv5.jpg */; };
		C2F7E5D8241107AB005CBEB6 /* eb5c94aegy1gav26fycwlj20zk1h8drh.jpg in Resources */ = {isa = PBXBuildFile; fileRef = C2F7E585241107AA005CBEB6 /* eb5c94aegy1gav26fycwlj20zk1h8drh.jpg */; };
		C2F7E5D9241107AB005CBEB6 /* 630584a6gy1gau54zyj61j20m80etn07.jpg in Resources */ = {isa = PBXBuildFile; fileRef = C2F7E586241107AA005CBEB6 /* 630584a6gy1gau54zyj61j20m80etn07.jpg */; };
		C2F7E5DA241107AB005CBEB6 /* c5aa834fgy1gauzr8ok78j20tz12fk8w.jpg in Resources */ = {isa = PBXBuildFile; fileRef = C2F7E587241107AA005CBEB6 /* c5aa834fgy1gauzr8ok78j20tz12fk8w.jpg */; };
		C2F7E5DB241107AB005CBEB6 /* 76297935ly8g4phfkq68hj20u00u0mzt.jpg in Resources */ = {isa = PBXBuildFile; fileRef = C2F7E588241107AA005CBEB6 /* 76297935ly8g4phfkq68hj20u00u0mzt.jpg */; };
		C2F7E5DC241107AB005CBEB6 /* 9dc7402fgy1gavd37l9nwj20j60ny44q.jpg in Resources */ = {isa = PBXBuildFile; fileRef = C2F7E589241107AA005CBEB6 /* 9dc7402fgy1gavd37l9nwj20j60ny44q.jpg */; };
		C2F7E5DD241107AB005CBEB6 /* 700a34f6gy1gaunswwui7j20j60pl78e.jpg in Resources */ = {isa = PBXBuildFile; fileRef = C2F7E58A241107AA005CBEB6 /* 700a34f6gy1gaunswwui7j20j60pl78e.jpg */; };
		C2F7E5DE241107AB005CBEB6 /* 630584a6gy1gau54zgaxhj20m80et0vq.jpg in Resources */ = {isa = PBXBuildFile; fileRef = C2F7E58B241107AA005CBEB6 /* 630584a6gy1gau54zgaxhj20m80et0vq.jpg */; };
		C2F7E5DF241107AB005CBEB6 /* 4e7f0c83gy1gam2mjhk8zj21hc0v6wnx.jpg in Resources */ = {isa = PBXBuildFile; fileRef = C2F7E58C241107AA005CBEB6 /* 4e7f0c83gy1gam2mjhk8zj21hc0v6wnx.jpg */; };
		C2F7E5E0241107AB005CBEB6 /* 6ec3b446gy1gavd4xud8lj20j60qkwj0.jpg in Resources */ = {isa = PBXBuildFile; fileRef = C2F7E58D241107AA005CBEB6 /* 6ec3b446gy1gavd4xud8lj20j60qkwj0.jpg */; };
		C2F7E5E1241107AB005CBEB6 /* 4e7f0c83ly8g1ho507078j20ro0rojtq.jpg in Resources */ = {isa = PBXBuildFile; fileRef = C2F7E58E241107AA005CBEB6 /* 4e7f0c83ly8g1ho507078j20ro0rojtq.jpg */; };
		C2F7E5E2241107AB005CBEB6 /* bca7fdafly1gax1gqdhouj20c80axaam.jpg in Resources */ = {isa = PBXBuildFile; fileRef = C2F7E58F241107AA005CBEB6 /* bca7fdafly1gax1gqdhouj20c80axaam.jpg */; };
		C2F7E5E3241107AB005CBEB6 /* 6ec3b446gy1gavd523embj20j60pytd6.jpg in Resources */ = {isa = PBXBuildFile; fileRef = C2F7E590241107AA005CBEB6 /* 6ec3b446gy1gavd523embj20j60pytd6.jpg */; };
		C2F7E5E4241107AB005CBEB6 /* 005tnxzUly8gab4i2r73xj30u00u0js8.jpg in Resources */ = {isa = PBXBuildFile; fileRef = C2F7E591241107AA005CBEB6 /* 005tnxzUly8gab4i2r73xj30u00u0js8.jpg */; };
		C2F7E5E624110D80005CBEB6 /* PostVIPBadge.swift in Sources */ = {isa = PBXBuildFile; fileRef = C2F7E5E524110D80005CBEB6 /* PostVIPBadge.swift */; };
/* End PBXBuildFile section */

/* Begin PBXContainerItemProxy section */
		C268D836240FE53300432A22 /* PBXContainerItemProxy */ = {
			isa = PBXContainerItemProxy;
			containerPortal = C268D817240FE53100432A22 /* Project object */;
			proxyType = 1;
			remoteGlobalIDString = C268D81E240FE53100432A22;
			remoteInfo = WeiboDemo;
		};
		C268D841240FE53300432A22 /* PBXContainerItemProxy */ = {
			isa = PBXContainerItemProxy;
			containerPortal = C268D817240FE53100432A22 /* Project object */;
			proxyType = 1;
			remoteGlobalIDString = C268D81E240FE53100432A22;
			remoteInfo = WeiboDemo;
		};
/* End PBXContainerItemProxy section */

/* Begin PBXFileReference section */
		C234BC6D241252EB008237B4 /* PostCellToolbarButton.swift */ = {isa = PBXFileReference; lastKnownFileType = sourcecode.swift; path = PostCellToolbarButton.swift; sourceTree = "<group>"; };
		C234BC6F24125DDE008237B4 /* PostListView.swift */ = {isa = PBXFileReference; lastKnownFileType = sourcecode.swift; path = PostListView.swift; sourceTree = "<group>"; };
		C259227B24134777000D161A /* PostImageCell.swift */ = {isa = PBXFileReference; lastKnownFileType = sourcecode.swift; path = PostImageCell.swift; sourceTree = "<group>"; };
		C259227D2413597C000D161A /* PostDetailView.swift */ = {isa = PBXFileReference; lastKnownFileType = sourcecode.swift; path = PostDetailView.swift; sourceTree = "<group>"; };
		C25B8BEE241503EE004FF896 /* HScrollViewController.swift */ = {isa = PBXFileReference; lastKnownFileType = sourcecode.swift; path = HScrollViewController.swift; sourceTree = "<group>"; };
		C268D81F240FE53100432A22 /* WeiboDemo.app */ = {isa = PBXFileReference; explicitFileType = wrapper.application; includeInIndex = 0; path = WeiboDemo.app; sourceTree = BUILT_PRODUCTS_DIR; };
		C268D822240FE53100432A22 /* AppDelegate.swift */ = {isa = PBXFileReference; lastKnownFileType = sourcecode.swift; path = AppDelegate.swift; sourceTree = "<group>"; };
		C268D824240FE53100432A22 /* SceneDelegate.swift */ = {isa = PBXFileReference; lastKnownFileType = sourcecode.swift; path = SceneDelegate.swift; sourceTree = "<group>"; };
		C268D826240FE53100432A22 /* ContentView.swift */ = {isa = PBXFileReference; lastKnownFileType = sourcecode.swift; path = ContentView.swift; sourceTree = "<group>"; };
		C268D828240FE53200432A22 /* Assets.xcassets */ = {isa = PBXFileReference; lastKnownFileType = folder.assetcatalog; path = Assets.xcassets; sourceTree = "<group>"; };
		C268D82B240FE53200432A22 /* Preview Assets.xcassets */ = {isa = PBXFileReference; lastKnownFileType = folder.assetcatalog; path = "Preview Assets.xcassets"; sourceTree = "<group>"; };
		C268D82E240FE53200432A22 /* Base */ = {isa = PBXFileReference; lastKnownFileType = file.storyboard; name = Base; path = Base.lproj/LaunchScreen.storyboard; sourceTree = "<group>"; };
		C268D830240FE53200432A22 /* Info.plist */ = {isa = PBXFileReference; lastKnownFileType = text.plist.xml; path = Info.plist; sourceTree = "<group>"; };
		C268D835240FE53300432A22 /* WeiboDemoTests.xctest */ = {isa = PBXFileReference; explicitFileType = wrapper.cfbundle; includeInIndex = 0; path = WeiboDemoTests.xctest; sourceTree = BUILT_PRODUCTS_DIR; };
		C268D839240FE53300432A22 /* WeiboDemoTests.swift */ = {isa = PBXFileReference; lastKnownFileType = sourcecode.swift; path = WeiboDemoTests.swift; sourceTree = "<group>"; };
		C268D83B240FE53300432A22 /* Info.plist */ = {isa = PBXFileReference; lastKnownFileType = text.plist.xml; path = Info.plist; sourceTree = "<group>"; };
		C268D840240FE53300432A22 /* WeiboDemoUITests.xctest */ = {isa = PBXFileReference; explicitFileType = wrapper.cfbundle; includeInIndex = 0; path = WeiboDemoUITests.xctest; sourceTree = BUILT_PRODUCTS_DIR; };
		C268D844240FE53300432A22 /* WeiboDemoUITests.swift */ = {isa = PBXFileReference; lastKnownFileType = sourcecode.swift; path = WeiboDemoUITests.swift; sourceTree = "<group>"; };
		C268D846240FE53300432A22 /* Info.plist */ = {isa = PBXFileReference; lastKnownFileType = text.plist.xml; path = Info.plist; sourceTree = "<group>"; };
		C268D854240FEAA200432A22 /* PostCell.swift */ = {isa = PBXFileReference; lastKnownFileType = sourcecode.swift; path = PostCell.swift; sourceTree = "<group>"; };
		C277E1CE241633E400EBA50B /* CommentInputView.swift */ = {isa = PBXFileReference; lastKnownFileType = sourcecode.swift; path = CommentInputView.swift; sourceTree = "<group>"; };
		C277E1D02416491000EBA50B /* CommentTextView.swift */ = {isa = PBXFileReference; lastKnownFileType = sourcecode.swift; path = CommentTextView.swift; sourceTree = "<group>"; };
		C277E1D224165A8B00EBA50B /* KeyboardResponder.swift */ = {isa = PBXFileReference; lastKnownFileType = sourcecode.swift; path = KeyboardResponder.swift; sourceTree = "<group>"; };
		C29E8FB52413A9D100392267 /* HomeNavigationBar.swift */ = {isa = PBXFileReference; lastKnownFileType = sourcecode.swift; path = HomeNavigationBar.swift; sourceTree = "<group>"; };
		C29E8FB72413C3B500392267 /* HomeView.swift */ = {isa = PBXFileReference; lastKnownFileType = sourcecode.swift; path = HomeView.swift; sourceTree = "<group>"; };
		C29E8FB92413C6C100392267 /* UserData.swift */ = {isa = PBXFileReference; lastKnownFileType = sourcecode.swift; path = UserData.swift; sourceTree = "<group>"; };
		C2E8DB5D2411F31400D78FD3 /* Post.swift */ = {isa = PBXFileReference; lastKnownFileType = sourcecode.swift; path = Post.swift; sourceTree = "<group>"; };
		C2F7E53F241107AA005CBEB6 /* 8697cf1ely8gashxj3b09j20u00u040v.jpg */ = {isa = PBXFileReference; lastKnownFileType = image.jpeg; path = 8697cf1ely8gashxj3b09j20u00u040v.jpg; sourceTree = "<group>"; };
		C2F7E540241107AA005CBEB6 /* d0c21786ly1gavj2c0kcej20c8096dh7.jpg */ = {isa = PBXFileReference; lastKnownFileType = image.jpeg; path = d0c21786ly1gavj2c0kcej20c8096dh7.jpg; sourceTree = "<group>"; };
		C2F7E541241107AA005CBEB6 /* 6ec3b446jw1e8qgp5bmzyj2050050aa8.jpg */ = {isa = PBXFileReference; lastKnownFileType = image.jpeg; path = 6ec3b446jw1e8qgp5bmzyj2050050aa8.jpg; sourceTree = "<group>"; };
		C2F7E542241107AA005CBEB6 /* 8a0b5544jw1e8qgp5bmzyj2050050aa8.jpg */ = {isa = PBXFileReference; lastKnownFileType = image.jpeg; path = 8a0b5544jw1e8qgp5bmzyj2050050aa8.jpg; sourceTree = "<group>"; };
		C2F7E543241107AA005CBEB6 /* bca7fdafly1gax1gqdg6qj20c80avdgl.jpg */ = {isa = PBXFileReference; lastKnownFileType = image.jpeg; path = bca7fdafly1gax1gqdg6qj20c80avdgl.jpg; sourceTree = "<group>"; };
		C2F7E544241107AA005CBEB6 /* 9dc7402fjw1e8qgp5bmzyj2050050aa8.jpg */ = {isa = PBXFileReference; lastKnownFileType = image.jpeg; path = 9dc7402fjw1e8qgp5bmzyj2050050aa8.jpg; sourceTree = "<group>"; };
		C2F7E545241107AA005CBEB6 /* eb5c94aegy1gav25n5ibjj20zk1h8wuu.jpg */ = {isa = PBXFileReference; lastKnownFileType = image.jpeg; path = eb5c94aegy1gav25n5ibjj20zk1h8wuu.jpg; sourceTree = "<group>"; };
		C2F7E546241107AA005CBEB6 /* 006gWxMEly1gavap8dywoj30hs0bwq48.jpg */ = {isa = PBXFileReference; lastKnownFileType = image.jpeg; path = 006gWxMEly1gavap8dywoj30hs0bwq48.jpg; sourceTree = "<group>"; };
		C2F7E547241107AA005CBEB6 /* 630584a6gy1gau54zl806j20m80etmzo.jpg */ = {isa = PBXFileReference; lastKnownFileType = image.jpeg; path = 630584a6gy1gau54zl806j20m80etmzo.jpg; sourceTree = "<group>"; };
		C2F7E548241107AA005CBEB6 /* 9dc7402fgy1gavd38wwlrj20j60nyq6y.jpg */ = {isa = PBXFileReference; lastKnownFileType = image.jpeg; path = 9dc7402fgy1gavd38wwlrj20j60nyq6y.jpg; sourceTree = "<group>"; };
		C2F7E549241107AA005CBEB6 /* 8a0b5544gy1gauy2flua6j20u00hitab.jpg */ = {isa = PBXFileReference; lastKnownFileType = image.jpeg; path = 8a0b5544gy1gauy2flua6j20u00hitab.jpg; sourceTree = "<group>"; };
		C2F7E54A241107AA005CBEB6 /* 7f9147a5ly1fzxlh4ovuej20e90fl4fo.jpg */ = {isa = PBXFileReference; lastKnownFileType = image.jpeg; path = 7f9147a5ly1fzxlh4ovuej20e90fl4fo.jpg; sourceTree = "<group>"; };
		C2F7E54B241107AA005CBEB6 /* 7f9147a5ly1fzxlgxgzpij20e90fltsj.jpg */ = {isa = PBXFileReference; lastKnownFileType = image.jpeg; path = 7f9147a5ly1fzxlgxgzpij20e90fltsj.jpg; sourceTree = "<group>"; };
		C2F7E54C241107AA005CBEB6 /* 76297935ly1gatz8obqvkj22c0340npe.jpg */ = {isa = PBXFileReference; lastKnownFileType = image.jpeg; path = 76297935ly1gatz8obqvkj22c0340npe.jpg; sourceTree = "<group>"; };
		C2F7E54D241107AA005CBEB6 /* d0c21786ly8fsax1ftiifj20ro0ro43g.jpg */ = {isa = PBXFileReference; lastKnownFileType = image.jpeg; path = d0c21786ly8fsax1ftiifj20ro0ro43g.jpg; sourceTree = "<group>"; };
		C2F7E54E241107AA005CBEB6 /* 9dc7402fgy1gavd38kqjtj20j60nyn1d.jpg */ = {isa = PBXFileReference; lastKnownFileType = image.jpeg; path = 9dc7402fgy1gavd38kqjtj20j60nyn1d.jpg; sourceTree = "<group>"; };
		C2F7E54F241107AA005CBEB6 /* 6a2afec3gy1gaulykcejqj20t5145wns.jpg */ = {isa = PBXFileReference; lastKnownFileType = image.jpeg; path = 6a2afec3gy1gaulykcejqj20t5145wns.jpg; sourceTree = "<group>"; };
		C2F7E550241107AA005CBEB6 /* 4e7f0c83gy1gam2mp0x4pj22tc240u0x.jpg */ = {isa = PBXFileReference; lastKnownFileType = image.jpeg; path = 4e7f0c83gy1gam2mp0x4pj22tc240u0x.jpg; sourceTree = "<group>"; };
		C2F7E551241107AA005CBEB6 /* c5aa834fgy1gauzrb7s5ej20tz13qh5x.jpg */ = {isa = PBXFileReference; lastKnownFileType = image.jpeg; path = c5aa834fgy1gauzrb7s5ej20tz13qh5x.jpg; sourceTree = "<group>"; };
		C2F7E552241107AA005CBEB6 /* 700a34f6gy1gaunswxtlrj20j60pkgok.jpg */ = {isa = PBXFileReference; lastKnownFileType = image.jpeg; path = 700a34f6gy1gaunswxtlrj20j60pkgok.jpg; sourceTree = "<group>"; };
		C2F7E553241107AA005CBEB6 /* 8a0b5544gy1gauy2ex786j20u0129aed.jpg */ = {isa = PBXFileReference; lastKnownFileType = image.jpeg; path = 8a0b5544gy1gauy2ex786j20u0129aed.jpg; sourceTree = "<group>"; };
		C2F7E554241107AA005CBEB6 /* 76297935ly1gatz89dzblj23402c0qv6.jpg */ = {isa = PBXFileReference; lastKnownFileType = image.jpeg; path = 76297935ly1gatz89dzblj23402c0qv6.jpg; sourceTree = "<group>"; };
		C2F7E555241107AA005CBEB6 /* 700a34f6gy1gaunswy5qnj20j60pkadk.jpg */ = {isa = PBXFileReference; lastKnownFileType = image.jpeg; path = 700a34f6gy1gaunswy5qnj20j60pkadk.jpg; sourceTree = "<group>"; };
		C2F7E556241107AA005CBEB6 /* bca7fdafgw1ekhkps65b1j2050050dg4.jpg */ = {isa = PBXFileReference; lastKnownFileType = image.jpeg; path = bca7fdafgw1ekhkps65b1j2050050dg4.jpg; sourceTree = "<group>"; };
		C2F7E557241107AA005CBEB6 /* PostListData_recommend_1.json */ = {isa = PBXFileReference; fileEncoding = 4; lastKnownFileType = text.json; path = PostListData_recommend_1.json; sourceTree = "<group>"; };
		C2F7E558241107AA005CBEB6 /* 006gWxMEly8g0bjpl3ynij30kv0kv773.jpg */ = {isa = PBXFileReference; lastKnownFileType = image.jpeg; path = 006gWxMEly8g0bjpl3ynij30kv0kv773.jpg; sourceTree = "<group>"; };
		C2F7E559241107AA005CBEB6 /* 6ec3b446gy1gavd51jc4lj20j60pmwhl.jpg */ = {isa = PBXFileReference; lastKnownFileType = image.jpeg; path = 6ec3b446gy1gavd51jc4lj20j60pmwhl.jpg; sourceTree = "<group>"; };
		C2F7E55A241107AA005CBEB6 /* 006gWxMEly1gavap88gttj30hs0a0dgf.jpg */ = {isa = PBXFileReference; lastKnownFileType = image.jpeg; path = 006gWxMEly1gavap88gttj30hs0a0dgf.jpg; sourceTree = "<group>"; };
		C2F7E55B241107AA005CBEB6 /* 4e7f0c83gy1gam2ml6nucj22tc240kjl.jpg */ = {isa = PBXFileReference; lastKnownFileType = image.jpeg; path = 4e7f0c83gy1gam2ml6nucj22tc240kjl.jpg; sourceTree = "<group>"; };
		C2F7E55C241107AA005CBEB6 /* 4e7f0c83gy1gam2misv31j21hc0u016k.jpg */ = {isa = PBXFileReference; lastKnownFileType = image.jpeg; path = 4e7f0c83gy1gam2misv31j21hc0u016k.jpg; sourceTree = "<group>"; };
		C2F7E55D241107AA005CBEB6 /* 8a0b5544gy1gauy2gmkg9j20u00gegnp.jpg */ = {isa = PBXFileReference; lastKnownFileType = image.jpeg; path = 8a0b5544gy1gauy2gmkg9j20u00gegnp.jpg; sourceTree = "<group>"; };
		C2F7E55E241107AA005CBEB6 /* 006gWxMEly1gavap8vsqaj30hs0bwgm6.jpg */ = {isa = PBXFileReference; lastKnownFileType = image.jpeg; path = 006gWxMEly1gavap8vsqaj30hs0bwgm6.jpg; sourceTree = "<group>"; };
		C2F7E55F241107AA005CBEB6 /* 648ed25bjw8est9nqrtnij20500503yr.jpg */ = {isa = PBXFileReference; lastKnownFileType = image.jpeg; path = 648ed25bjw8est9nqrtnij20500503yr.jpg; sourceTree = "<group>"; };
		C2F7E560241107AA005CBEB6 /* eb5c94aegy1gav25ox6dvj20u00k1go9.jpg */ = {isa = PBXFileReference; lastKnownFileType = image.jpeg; path = eb5c94aegy1gav25ox6dvj20u00k1go9.jpg; sourceTree = "<group>"; };
		C2F7E561241107AA005CBEB6 /* 8a0b5544gy1gauy2g35yoj20u00fomzf.jpg */ = {isa = PBXFileReference; lastKnownFileType = image.jpeg; path = 8a0b5544gy1gauy2g35yoj20u00fomzf.jpg; sourceTree = "<group>"; };
		C2F7E562241107AA005CBEB6 /* 006PdkDoly8ffywe2fq39j304g04gwed.jpg */ = {isa = PBXFileReference; lastKnownFileType = image.jpeg; path = 006PdkDoly8ffywe2fq39j304g04gwed.jpg; sourceTree = "<group>"; };
		C2F7E563241107AA005CBEB6 /* 700a34f6gy1gaunsxgzixj20j60edmz8.jpg */ = {isa = PBXFileReference; lastKnownFileType = image.jpeg; path = 700a34f6gy1gaunsxgzixj20j60edmz8.jpg; sourceTree = "<group>"; };
		C2F7E564241107AA005CBEB6 /* bca7fdafly1gax1gqdnboj20c80atmxp.jpg */ = {isa = PBXFileReference; lastKnownFileType = image.jpeg; path = bca7fdafly1gax1gqdnboj20c80atmxp.jpg; sourceTree = "<group>"; };
		C2F7E565241107AA005CBEB6 /* c5aa834fgy1gauzr6venkj20u01hc12f.jpg */ = {isa = PBXFileReference; lastKnownFileType = image.jpeg; path = c5aa834fgy1gauzr6venkj20u01hc12f.jpg; sourceTree = "<group>"; };
		C2F7E566241107AA005CBEB6 /* 7f9147a5ly1fzxlh6hzdnj20e90fl7me.jpg */ = {isa = PBXFileReference; lastKnownFileType = image.jpeg; path = 7f9147a5ly1fzxlh6hzdnj20e90fl7me.jpg; sourceTree = "<group>"; };
		C2F7E567241107AA005CBEB6 /* 630584a6gy1gau54zm4dtj20m80dftbv.jpg */ = {isa = PBXFileReference; lastKnownFileType = image.jpeg; path = 630584a6gy1gau54zm4dtj20m80dftbv.jpg; sourceTree = "<group>"; };
		C2F7E568241107AA005CBEB6 /* c5aa834fgy1gauzr86bp5j20pb0w47in.jpg */ = {isa = PBXFileReference; lastKnownFileType = image.jpeg; path = c5aa834fgy1gauzr86bp5j20pb0w47in.jpg; sourceTree = "<group>"; };
		C2F7E569241107AA005CBEB6 /* 9dc7402fgy1gavd39ba15j20j60nywii.jpg */ = {isa = PBXFileReference; lastKnownFileType = image.jpeg; path = 9dc7402fgy1gavd39ba15j20j60nywii.jpg; sourceTree = "<group>"; };
		C2F7E56A241107AA005CBEB6 /* bca7fdafly1gax1gqfgsjj20c80axaay.jpg */ = {isa = PBXFileReference; lastKnownFileType = image.jpeg; path = bca7fdafly1gax1gqfgsjj20c80axaay.jpg; sourceTree = "<group>"; };
		C2F7E56B241107AA005CBEB6 /* c5aa834fly8g97m8ix9lcj20re0regnk.jpg */ = {isa = PBXFileReference; lastKnownFileType = image.jpeg; path = c5aa834fly8g97m8ix9lcj20re0regnk.jpg; sourceTree = "<group>"; };
		C2F7E56C241107AA005CBEB6 /* 700a34f6ly8g9a29rjt92j20fn0iqdg8.jpg */ = {isa = PBXFileReference; lastKnownFileType = image.jpeg; path = 700a34f6ly8g9a29rjt92j20fn0iqdg8.jpg; sourceTree = "<group>"; };
		C2F7E56D241107AA005CBEB6 /* d0c21786ly1gavj2cdrkyj20c80720tg.jpg */ = {isa = PBXFileReference; lastKnownFileType = image.jpeg; path = d0c21786ly1gavj2cdrkyj20c80720tg.jpg; sourceTree = "<group>"; };
		C2F7E56E241107AA005CBEB6 /* bca7fdafly1gax1gqehdaj20c80atq3x.jpg */ = {isa = PBXFileReference; lastKnownFileType = image.jpeg; path = bca7fdafly1gax1gqehdaj20c80atq3x.jpg; sourceTree = "<group>"; };
		C2F7E56F241107AA005CBEB6 /* d0c21786ly1gavj2d17d9j20c808zq3r.jpg */ = {isa = PBXFileReference; lastKnownFileType = image.jpeg; path = d0c21786ly1gavj2d17d9j20c808zq3r.jpg; sourceTree = "<group>"; };
		C2F7E570241107AA005CBEB6 /* 8a0b5544gy1gauy2gz000j20u00n6wgj.jpg */ = {isa = PBXFileReference; lastKnownFileType = image.jpeg; path = 8a0b5544gy1gauy2gz000j20u00n6wgj.jpg; sourceTree = "<group>"; };
		C2F7E571241107AA005CBEB6 /* 006PdkDogy1gap6ngj12ej30u011itf7.jpg */ = {isa = PBXFileReference; lastKnownFileType = image.jpeg; path = 006PdkDogy1gap6ngj12ej30u011itf7.jpg; sourceTree = "<group>"; };
		C2F7E572241107AA005CBEB6 /* 700a34f6gy1gaunsx2jywj20j60pkaeu.jpg */ = {isa = PBXFileReference; lastKnownFileType = image.jpeg; path = 700a34f6gy1gaunsx2jywj20j60pkaeu.jpg; sourceTree = "<group>"; };
		C2F7E573241107AA005CBEB6 /* 4e7f0c83gy1gam2mr1b81j22tc2407wi.jpg */ = {isa = PBXFileReference; lastKnownFileType = image.jpeg; path = 4e7f0c83gy1gam2mr1b81j22tc2407wi.jpg; sourceTree = "<group>"; };
		C2F7E574241107AA005CBEB6 /* 6a2afec3jw8fb4ld0qf2gj20e80dsdfz.jpg */ = {isa = PBXFileReference; lastKnownFileType = image.jpeg; path = 6a2afec3jw8fb4ld0qf2gj20e80dsdfz.jpg; sourceTree = "<group>"; };
		C2F7E575241107AA005CBEB6 /* bca7fdafly1gax1gqd9vmj20c80ayaam.jpg */ = {isa = PBXFileReference; lastKnownFileType = image.jpeg; path = bca7fdafly1gax1gqd9vmj20c80ayaam.jpg; sourceTree = "<group>"; };
		C2F7E576241107AA005CBEB6 /* 8a0b5544gy1gauy2hcozsj20u01czdiy.jpg */ = {isa = PBXFileReference; lastKnownFileType = image.jpeg; path = 8a0b5544gy1gauy2hcozsj20u01czdiy.jpg; sourceTree = "<group>"; };
		C2F7E577241107AA005CBEB6 /* c5aa834fgy1gauzr95r6fj20tw0l3dq4.jpg */ = {isa = PBXFileReference; lastKnownFileType = image.jpeg; path = c5aa834fgy1gauzr95r6fj20tw0l3dq4.jpg; sourceTree = "<group>"; };
		C2F7E578241107AA005CBEB6 /* 006PdkDogy1gap6ngiyn3j30u011idle.jpg */ = {isa = PBXFileReference; lastKnownFileType = image.jpeg; path = 006PdkDogy1gap6ngiyn3j30u011idle.jpg; sourceTree = "<group>"; };
		C2F7E579241107AA005CBEB6 /* d0c21786ly1gavj2btv6tj20c80790tg.jpg */ = {isa = PBXFileReference; lastKnownFileType = image.jpeg; path = d0c21786ly1gavj2btv6tj20c80790tg.jpg; sourceTree = "<group>"; };
		C2F7E57A241107AA005CBEB6 /* PostListData_hot_1.json */ = {isa = PBXFileReference; fileEncoding = 4; lastKnownFileType = text.json; path = PostListData_hot_1.json; sourceTree = "<group>"; };
		C2F7E57B241107AA005CBEB6 /* eb5c94aely8fmvumnl9baj20v90v9q49.jpg */ = {isa = PBXFileReference; lastKnownFileType = image.jpeg; path = eb5c94aely8fmvumnl9baj20v90v9q49.jpg; sourceTree = "<group>"; };
		C2F7E57C241107AA005CBEB6 /* 630584a6ly8fqs5wwkkmrj20ku0kuta7.jpg */ = {isa = PBXFileReference; lastKnownFileType = image.jpeg; path = 630584a6ly8fqs5wwkkmrj20ku0kuta7.jpg; sourceTree = "<group>"; };
		C2F7E57D241107AA005CBEB6 /* d0c21786ly1gavj2cowp9j20c8083ab4.jpg */ = {isa = PBXFileReference; lastKnownFileType = image.jpeg; path = d0c21786ly1gavj2cowp9j20c8083ab4.jpg; sourceTree = "<group>"; };
		C2F7E57E241107AA005CBEB6 /* 9dc7402fgy1gavd367p0pj20j60nywic.jpg */ = {isa = PBXFileReference; lastKnownFileType = image.jpeg; path = 9dc7402fgy1gavd367p0pj20j60nywic.jpg; sourceTree = "<group>"; };
		C2F7E57F241107AA005CBEB6 /* 006gWxMEly1gavap86qr9j30ht0qo40t.jpg */ = {isa = PBXFileReference; lastKnownFileType = image.jpeg; path = 006gWxMEly1gavap86qr9j30ht0qo40t.jpg; sourceTree = "<group>"; };
		C2F7E580241107AA005CBEB6 /* 76297935ly1gatz8k5itij22c02c01ky.jpg */ = {isa = PBXFileReference; lastKnownFileType = image.jpeg; path = 76297935ly1gatz8k5itij22c02c01ky.jpg; sourceTree = "<group>"; };
		C2F7E581241107AA005CBEB6 /* 76297935ly1gatz8g5rvxj22c03401kz.jpg */ = {isa = PBXFileReference; lastKnownFileType = image.jpeg; path = 76297935ly1gatz8g5rvxj22c03401kz.jpg; sourceTree = "<group>"; };
		C2F7E582241107AA005CBEB6 /* 700a34f6gy1gaunsxhp4pj20j60pkn1k.jpg */ = {isa = PBXFileReference; lastKnownFileType = image.jpeg; path = 700a34f6gy1gaunsxhp4pj20j60pkn1k.jpg; sourceTree = "<group>"; };
		C2F7E583241107AA005CBEB6 /* eb5c94aegy1gav2509cp5j20zk0k0n2j.jpg */ = {isa = PBXFileReference; lastKnownFileType = image.jpeg; path = eb5c94aegy1gav2509cp5j20zk0k0n2j.jpg; sourceTree = "<group>"; };
		C2F7E584241107AA005CBEB6 /* 4e7f0c83gy1gam2mn58d3j22tc240qv5.jpg */ = {isa = PBXFileReference; lastKnownFileType = image.jpeg; path = 4e7f0c83gy1gam2mn58d3j22tc240qv5.jpg; sourceTree = "<group>"; };
		C2F7E585241107AA005CBEB6 /* eb5c94aegy1gav26fycwlj20zk1h8drh.jpg */ = {isa = PBXFileReference; lastKnownFileType = image.jpeg; path = eb5c94aegy1gav26fycwlj20zk1h8drh.jpg; sourceTree = "<group>"; };
		C2F7E586241107AA005CBEB6 /* 630584a6gy1gau54zyj61j20m80etn07.jpg */ = {isa = PBXFileReference; lastKnownFileType = image.jpeg; path = 630584a6gy1gau54zyj61j20m80etn07.jpg; sourceTree = "<group>"; };
		C2F7E587241107AA005CBEB6 /* c5aa834fgy1gauzr8ok78j20tz12fk8w.jpg */ = {isa = PBXFileReference; lastKnownFileType = image.jpeg; path = c5aa834fgy1gauzr8ok78j20tz12fk8w.jpg; sourceTree = "<group>"; };
		C2F7E588241107AA005CBEB6 /* 76297935ly8g4phfkq68hj20u00u0mzt.jpg */ = {isa = PBXFileReference; lastKnownFileType = image.jpeg; path = 76297935ly8g4phfkq68hj20u00u0mzt.jpg; sourceTree = "<group>"; };
		C2F7E589241107AA005CBEB6 /* 9dc7402fgy1gavd37l9nwj20j60ny44q.jpg */ = {isa = PBXFileReference; lastKnownFileType = image.jpeg; path = 9dc7402fgy1gavd37l9nwj20j60ny44q.jpg; sourceTree = "<group>"; };
		C2F7E58A241107AA005CBEB6 /* 700a34f6gy1gaunswwui7j20j60pl78e.jpg */ = {isa = PBXFileReference; lastKnownFileType = image.jpeg; path = 700a34f6gy1gaunswwui7j20j60pl78e.jpg; sourceTree = "<group>"; };
		C2F7E58B241107AA005CBEB6 /* 630584a6gy1gau54zgaxhj20m80et0vq.jpg */ = {isa = PBXFileReference; lastKnownFileType = image.jpeg; path = 630584a6gy1gau54zgaxhj20m80et0vq.jpg; sourceTree = "<group>"; };
		C2F7E58C241107AA005CBEB6 /* 4e7f0c83gy1gam2mjhk8zj21hc0v6wnx.jpg */ = {isa = PBXFileReference; lastKnownFileType = image.jpeg; path = 4e7f0c83gy1gam2mjhk8zj21hc0v6wnx.jpg; sourceTree = "<group>"; };
		C2F7E58D241107AA005CBEB6 /* 6ec3b446gy1gavd4xud8lj20j60qkwj0.jpg */ = {isa = PBXFileReference; lastKnownFileType = image.jpeg; path = 6ec3b446gy1gavd4xud8lj20j60qkwj0.jpg; sourceTree = "<group>"; };
		C2F7E58E241107AA005CBEB6 /* 4e7f0c83ly8g1ho507078j20ro0rojtq.jpg */ = {isa = PBXFileReference; lastKnownFileType = image.jpeg; path = 4e7f0c83ly8g1ho507078j20ro0rojtq.jpg; sourceTree = "<group>"; };
		C2F7E58F241107AA005CBEB6 /* bca7fdafly1gax1gqdhouj20c80axaam.jpg */ = {isa = PBXFileReference; lastKnownFileType = image.jpeg; path = bca7fdafly1gax1gqdhouj20c80axaam.jpg; sourceTree = "<group>"; };
		C2F7E590241107AA005CBEB6 /* 6ec3b446gy1gavd523embj20j60pytd6.jpg */ = {isa = PBXFileReference; lastKnownFileType = image.jpeg; path = 6ec3b446gy1gavd523embj20j60pytd6.jpg; sourceTree = "<group>"; };
		C2F7E591241107AA005CBEB6 /* 005tnxzUly8gab4i2r73xj30u00u0js8.jpg */ = {isa = PBXFileReference; lastKnownFileType = image.jpeg; path = 005tnxzUly8gab4i2r73xj30u00u0js8.jpg; sourceTree = "<group>"; };
		C2F7E5E524110D80005CBEB6 /* PostVIPBadge.swift */ = {isa = PBXFileReference; lastKnownFileType = sourcecode.swift; path = PostVIPBadge.swift; sourceTree = "<group>"; };
/* End PBXFileReference section */

/* Begin PBXFrameworksBuildPhase section */
		C268D81C240FE53100432A22 /* Frameworks */ = {
			isa = PBXFrameworksBuildPhase;
			buildActionMask = 2147483647;
			files = (
			);
			runOnlyForDeploymentPostprocessing = 0;
		};
		C268D832240FE53300432A22 /* Frameworks */ = {
			isa = PBXFrameworksBuildPhase;
			buildActionMask = 2147483647;
			files = (
			);
			runOnlyForDeploymentPostprocessing = 0;
		};
		C268D83D240FE53300432A22 /* Frameworks */ = {
			isa = PBXFrameworksBuildPhase;
			buildActionMask = 2147483647;
			files = (
			);
			runOnlyForDeploymentPostprocessing = 0;
		};
/* End PBXFrameworksBuildPhase section */

/* Begin PBXGroup section */
		C268D816240FE53100432A22 = {
			isa = PBXGroup;
			children = (
				C268D821240FE53100432A22 /* WeiboDemo */,
				C268D838240FE53300432A22 /* WeiboDemoTests */,
				C268D843240FE53300432A22 /* WeiboDemoUITests */,
				C268D820240FE53100432A22 /* Products */,
			);
			sourceTree = "<group>";
		};
		C268D820240FE53100432A22 /* Products */ = {
			isa = PBXGroup;
			children = (
				C268D81F240FE53100432A22 /* WeiboDemo.app */,
				C268D835240FE53300432A22 /* WeiboDemoTests.xctest */,
				C268D840240FE53300432A22 /* WeiboDemoUITests.xctest */,
			);
			name = Products;
			sourceTree = "<group>";
		};
		C268D821240FE53100432A22 /* WeiboDemo */ = {
			isa = PBXGroup;
			children = (
				C268D822240FE53100432A22 /* AppDelegate.swift */,
				C268D824240FE53100432A22 /* SceneDelegate.swift */,
				C268D826240FE53100432A22 /* ContentView.swift */,
				C268D854240FEAA200432A22 /* PostCell.swift */,
				C277E1D02416491000EBA50B /* CommentTextView.swift */,
				C277E1D224165A8B00EBA50B /* KeyboardResponder.swift */,
				C234BC6F24125DDE008237B4 /* PostListView.swift */,
				C29E8FB92413C6C100392267 /* UserData.swift */,
				C29E8FB52413A9D100392267 /* HomeNavigationBar.swift */,
				C29E8FB72413C3B500392267 /* HomeView.swift */,
				C25B8BEE241503EE004FF896 /* HScrollViewController.swift */,
				C259227D2413597C000D161A /* PostDetailView.swift */,
				C277E1CE241633E400EBA50B /* CommentInputView.swift */,
				C259227B24134777000D161A /* PostImageCell.swift */,
				C234BC6D241252EB008237B4 /* PostCellToolbarButton.swift */,
				C2E8DB5D2411F31400D78FD3 /* Post.swift */,
				C2F7E5E524110D80005CBEB6 /* PostVIPBadge.swift */,
				C2F7E53E241107AA005CBEB6 /* Resources */,
				C268D828240FE53200432A22 /* Assets.xcassets */,
				C268D82D240FE53200432A22 /* LaunchScreen.storyboard */,
				C268D830240FE53200432A22 /* Info.plist */,
				C268D82A240FE53200432A22 /* Preview Content */,
			);
			path = WeiboDemo;
			sourceTree = "<group>";
		};
		C268D82A240FE53200432A22 /* Preview Content */ = {
			isa = PBXGroup;
			children = (
				C268D82B240FE53200432A22 /* Preview Assets.xcassets */,
			);
			path = "Preview Content";
			sourceTree = "<group>";
		};
		C268D838240FE53300432A22 /* WeiboDemoTests */ = {
			isa = PBXGroup;
			children = (
				C268D839240FE53300432A22 /* WeiboDemoTests.swift */,
				C268D83B240FE53300432A22 /* Info.plist */,
			);
			path = WeiboDemoTests;
			sourceTree = "<group>";
		};
		C268D843240FE53300432A22 /* WeiboDemoUITests */ = {
			isa = PBXGroup;
			children = (
				C268D844240FE53300432A22 /* WeiboDemoUITests.swift */,
				C268D846240FE53300432A22 /* Info.plist */,
			);
			path = WeiboDemoUITests;
			sourceTree = "<group>";
		};
		C2F7E53E241107AA005CBEB6 /* Resources */ = {
			isa = PBXGroup;
			children = (
				C2F7E53F241107AA005CBEB6 /* 8697cf1ely8gashxj3b09j20u00u040v.jpg */,
				C2F7E540241107AA005CBEB6 /* d0c21786ly1gavj2c0kcej20c8096dh7.jpg */,
				C2F7E541241107AA005CBEB6 /* 6ec3b446jw1e8qgp5bmzyj2050050aa8.jpg */,
				C2F7E542241107AA005CBEB6 /* 8a0b5544jw1e8qgp5bmzyj2050050aa8.jpg */,
				C2F7E543241107AA005CBEB6 /* bca7fdafly1gax1gqdg6qj20c80avdgl.jpg */,
				C2F7E544241107AA005CBEB6 /* 9dc7402fjw1e8qgp5bmzyj2050050aa8.jpg */,
				C2F7E545241107AA005CBEB6 /* eb5c94aegy1gav25n5ibjj20zk1h8wuu.jpg */,
				C2F7E546241107AA005CBEB6 /* 006gWxMEly1gavap8dywoj30hs0bwq48.jpg */,
				C2F7E547241107AA005CBEB6 /* 630584a6gy1gau54zl806j20m80etmzo.jpg */,
				C2F7E548241107AA005CBEB6 /* 9dc7402fgy1gavd38wwlrj20j60nyq6y.jpg */,
				C2F7E549241107AA005CBEB6 /* 8a0b5544gy1gauy2flua6j20u00hitab.jpg */,
				C2F7E54A241107AA005CBEB6 /* 7f9147a5ly1fzxlh4ovuej20e90fl4fo.jpg */,
				C2F7E54B241107AA005CBEB6 /* 7f9147a5ly1fzxlgxgzpij20e90fltsj.jpg */,
				C2F7E54C241107AA005CBEB6 /* 76297935ly1gatz8obqvkj22c0340npe.jpg */,
				C2F7E54D241107AA005CBEB6 /* d0c21786ly8fsax1ftiifj20ro0ro43g.jpg */,
				C2F7E54E241107AA005CBEB6 /* 9dc7402fgy1gavd38kqjtj20j60nyn1d.jpg */,
				C2F7E54F241107AA005CBEB6 /* 6a2afec3gy1gaulykcejqj20t5145wns.jpg */,
				C2F7E550241107AA005CBEB6 /* 4e7f0c83gy1gam2mp0x4pj22tc240u0x.jpg */,
				C2F7E551241107AA005CBEB6 /* c5aa834fgy1gauzrb7s5ej20tz13qh5x.jpg */,
				C2F7E552241107AA005CBEB6 /* 700a34f6gy1gaunswxtlrj20j60pkgok.jpg */,
				C2F7E553241107AA005CBEB6 /* 8a0b5544gy1gauy2ex786j20u0129aed.jpg */,
				C2F7E554241107AA005CBEB6 /* 76297935ly1gatz89dzblj23402c0qv6.jpg */,
				C2F7E555241107AA005CBEB6 /* 700a34f6gy1gaunswy5qnj20j60pkadk.jpg */,
				C2F7E556241107AA005CBEB6 /* bca7fdafgw1ekhkps65b1j2050050dg4.jpg */,
				C2F7E557241107AA005CBEB6 /* PostListData_recommend_1.json */,
				C2F7E558241107AA005CBEB6 /* 006gWxMEly8g0bjpl3ynij30kv0kv773.jpg */,
				C2F7E559241107AA005CBEB6 /* 6ec3b446gy1gavd51jc4lj20j60pmwhl.jpg */,
				C2F7E55A241107AA005CBEB6 /* 006gWxMEly1gavap88gttj30hs0a0dgf.jpg */,
				C2F7E55B241107AA005CBEB6 /* 4e7f0c83gy1gam2ml6nucj22tc240kjl.jpg */,
				C2F7E55C241107AA005CBEB6 /* 4e7f0c83gy1gam2misv31j21hc0u016k.jpg */,
				C2F7E55D241107AA005CBEB6 /* 8a0b5544gy1gauy2gmkg9j20u00gegnp.jpg */,
				C2F7E55E241107AA005CBEB6 /* 006gWxMEly1gavap8vsqaj30hs0bwgm6.jpg */,
				C2F7E55F241107AA005CBEB6 /* 648ed25bjw8est9nqrtnij20500503yr.jpg */,
				C2F7E560241107AA005CBEB6 /* eb5c94aegy1gav25ox6dvj20u00k1go9.jpg */,
				C2F7E561241107AA005CBEB6 /* 8a0b5544gy1gauy2g35yoj20u00fomzf.jpg */,
				C2F7E562241107AA005CBEB6 /* 006PdkDoly8ffywe2fq39j304g04gwed.jpg */,
				C2F7E563241107AA005CBEB6 /* 700a34f6gy1gaunsxgzixj20j60edmz8.jpg */,
				C2F7E564241107AA005CBEB6 /* bca7fdafly1gax1gqdnboj20c80atmxp.jpg */,
				C2F7E565241107AA005CBEB6 /* c5aa834fgy1gauzr6venkj20u01hc12f.jpg */,
				C2F7E566241107AA005CBEB6 /* 7f9147a5ly1fzxlh6hzdnj20e90fl7me.jpg */,
				C2F7E567241107AA005CBEB6 /* 630584a6gy1gau54zm4dtj20m80dftbv.jpg */,
				C2F7E568241107AA005CBEB6 /* c5aa834fgy1gauzr86bp5j20pb0w47in.jpg */,
				C2F7E569241107AA005CBEB6 /* 9dc7402fgy1gavd39ba15j20j60nywii.jpg */,
				C2F7E56A241107AA005CBEB6 /* bca7fdafly1gax1gqfgsjj20c80axaay.jpg */,
				C2F7E56B241107AA005CBEB6 /* c5aa834fly8g97m8ix9lcj20re0regnk.jpg */,
				C2F7E56C241107AA005CBEB6 /* 700a34f6ly8g9a29rjt92j20fn0iqdg8.jpg */,
				C2F7E56D241107AA005CBEB6 /* d0c21786ly1gavj2cdrkyj20c80720tg.jpg */,
				C2F7E56E241107AA005CBEB6 /* bca7fdafly1gax1gqehdaj20c80atq3x.jpg */,
				C2F7E56F241107AA005CBEB6 /* d0c21786ly1gavj2d17d9j20c808zq3r.jpg */,
				C2F7E570241107AA005CBEB6 /* 8a0b5544gy1gauy2gz000j20u00n6wgj.jpg */,
				C2F7E571241107AA005CBEB6 /* 006PdkDogy1gap6ngj12ej30u011itf7.jpg */,
				C2F7E572241107AA005CBEB6 /* 700a34f6gy1gaunsx2jywj20j60pkaeu.jpg */,
				C2F7E573241107AA005CBEB6 /* 4e7f0c83gy1gam2mr1b81j22tc2407wi.jpg */,
				C2F7E574241107AA005CBEB6 /* 6a2afec3jw8fb4ld0qf2gj20e80dsdfz.jpg */,
				C2F7E575241107AA005CBEB6 /* bca7fdafly1gax1gqd9vmj20c80ayaam.jpg */,
				C2F7E576241107AA005CBEB6 /* 8a0b5544gy1gauy2hcozsj20u01czdiy.jpg */,
				C2F7E577241107AA005CBEB6 /* c5aa834fgy1gauzr95r6fj20tw0l3dq4.jpg */,
				C2F7E578241107AA005CBEB6 /* 006PdkDogy1gap6ngiyn3j30u011idle.jpg */,
				C2F7E579241107AA005CBEB6 /* d0c21786ly1gavj2btv6tj20c80790tg.jpg */,
				C2F7E57A241107AA005CBEB6 /* PostListData_hot_1.json */,
				C2F7E57B241107AA005CBEB6 /* eb5c94aely8fmvumnl9baj20v90v9q49.jpg */,
				C2F7E57C241107AA005CBEB6 /* 630584a6ly8fqs5wwkkmrj20ku0kuta7.jpg */,
				C2F7E57D241107AA005CBEB6 /* d0c21786ly1gavj2cowp9j20c8083ab4.jpg */,
				C2F7E57E241107AA005CBEB6 /* 9dc7402fgy1gavd367p0pj20j60nywic.jpg */,
				C2F7E57F241107AA005CBEB6 /* 006gWxMEly1gavap86qr9j30ht0qo40t.jpg */,
				C2F7E580241107AA005CBEB6 /* 76297935ly1gatz8k5itij22c02c01ky.jpg */,
				C2F7E581241107AA005CBEB6 /* 76297935ly1gatz8g5rvxj22c03401kz.jpg */,
				C2F7E582241107AA005CBEB6 /* 700a34f6gy1gaunsxhp4pj20j60pkn1k.jpg */,
				C2F7E583241107AA005CBEB6 /* eb5c94aegy1gav2509cp5j20zk0k0n2j.jpg */,
				C2F7E584241107AA005CBEB6 /* 4e7f0c83gy1gam2mn58d3j22tc240qv5.jpg */,
				C2F7E585241107AA005CBEB6 /* eb5c94aegy1gav26fycwlj20zk1h8drh.jpg */,
				C2F7E586241107AA005CBEB6 /* 630584a6gy1gau54zyj61j20m80etn07.jpg */,
				C2F7E587241107AA005CBEB6 /* c5aa834fgy1gauzr8ok78j20tz12fk8w.jpg */,
				C2F7E588241107AA005CBEB6 /* 76297935ly8g4phfkq68hj20u00u0mzt.jpg */,
				C2F7E589241107AA005CBEB6 /* 9dc7402fgy1gavd37l9nwj20j60ny44q.jpg */,
				C2F7E58A241107AA005CBEB6 /* 700a34f6gy1gaunswwui7j20j60pl78e.jpg */,
				C2F7E58B241107AA005CBEB6 /* 630584a6gy1gau54zgaxhj20m80et0vq.jpg */,
				C2F7E58C241107AA005CBEB6 /* 4e7f0c83gy1gam2mjhk8zj21hc0v6wnx.jpg */,
				C2F7E58D241107AA005CBEB6 /* 6ec3b446gy1gavd4xud8lj20j60qkwj0.jpg */,
				C2F7E58E241107AA005CBEB6 /* 4e7f0c83ly8g1ho507078j20ro0rojtq.jpg */,
				C2F7E58F241107AA005CBEB6 /* bca7fdafly1gax1gqdhouj20c80axaam.jpg */,
				C2F7E590241107AA005CBEB6 /* 6ec3b446gy1gavd523embj20j60pytd6.jpg */,
				C2F7E591241107AA005CBEB6 /* 005tnxzUly8gab4i2r73xj30u00u0js8.jpg */,
			);
			path = Resources;
			sourceTree = "<group>";
		};
/* End PBXGroup section */

/* Begin PBXNativeTarget section */
		C268D81E240FE53100432A22 /* WeiboDemo */ = {
			isa = PBXNativeTarget;
			buildConfigurationList = C268D849240FE53300432A22 /* Build configuration list for PBXNativeTarget "WeiboDemo" */;
			buildPhases = (
				C268D81B240FE53100432A22 /* Sources */,
				C268D81C240FE53100432A22 /* Frameworks */,
				C268D81D240FE53100432A22 /* Resources */,
			);
			buildRules = (
			);
			dependencies = (
			);
			name = WeiboDemo;
			productName = WeiboDemo;
			productReference = C268D81F240FE53100432A22 /* WeiboDemo.app */;
			productType = "com.apple.product-type.application";
		};
		C268D834240FE53300432A22 /* WeiboDemoTests */ = {
			isa = PBXNativeTarget;
			buildConfigurationList = C268D84C240FE53300432A22 /* Build configuration list for PBXNativeTarget "WeiboDemoTests" */;
			buildPhases = (
				C268D831240FE53300432A22 /* Sources */,
				C268D832240FE53300432A22 /* Frameworks */,
				C268D833240FE53300432A22 /* Resources */,
			);
			buildRules = (
			);
			dependencies = (
				C268D837240FE53300432A22 /* PBXTargetDependency */,
			);
			name = WeiboDemoTests;
			productName = WeiboDemoTests;
			productReference = C268D835240FE53300432A22 /* WeiboDemoTests.xctest */;
			productType = "com.apple.product-type.bundle.unit-test";
		};
		C268D83F240FE53300432A22 /* WeiboDemoUITests */ = {
			isa = PBXNativeTarget;
			buildConfigurationList = C268D84F240FE53300432A22 /* Build configuration list for PBXNativeTarget "WeiboDemoUITests" */;
			buildPhases = (
				C268D83C240FE53300432A22 /* Sources */,
				C268D83D240FE53300432A22 /* Frameworks */,
				C268D83E240FE53300432A22 /* Resources */,
			);
			buildRules = (
			);
			dependencies = (
				C268D842240FE53300432A22 /* PBXTargetDependency */,
			);
			name = WeiboDemoUITests;
			productName = WeiboDemoUITests;
			productReference = C268D840240FE53300432A22 /* WeiboDemoUITests.xctest */;
			productType = "com.apple.product-type.bundle.ui-testing";
		};
/* End PBXNativeTarget section */

/* Begin PBXProject section */
		C268D817240FE53100432A22 /* Project object */ = {
			isa = PBXProject;
			attributes = {
				LastSwiftUpdateCheck = 1130;
				LastUpgradeCheck = 1130;
				ORGANIZATIONNAME = ragezor;
				TargetAttributes = {
					C268D81E240FE53100432A22 = {
						CreatedOnToolsVersion = 11.3.1;
					};
					C268D834240FE53300432A22 = {
						CreatedOnToolsVersion = 11.3.1;
						TestTargetID = C268D81E240FE53100432A22;
					};
					C268D83F240FE53300432A22 = {
						CreatedOnToolsVersion = 11.3.1;
						TestTargetID = C268D81E240FE53100432A22;
					};
				};
			};
			buildConfigurationList = C268D81A240FE53100432A22 /* Build configuration list for PBXProject "WeiboDemo" */;
			compatibilityVersion = "Xcode 9.3";
			developmentRegion = en;
			hasScannedForEncodings = 0;
			knownRegions = (
				en,
				Base,
			);
			mainGroup = C268D816240FE53100432A22;
			productRefGroup = C268D820240FE53100432A22 /* Products */;
			projectDirPath = "";
			projectRoot = "";
			targets = (
				C268D81E240FE53100432A22 /* WeiboDemo */,
				C268D834240FE53300432A22 /* WeiboDemoTests */,
				C268D83F240FE53300432A22 /* WeiboDemoUITests */,
			);
		};
/* End PBXProject section */

/* Begin PBXResourcesBuildPhase section */
		C268D81D240FE53100432A22 /* Resources */ = {
			isa = PBXResourcesBuildPhase;
			buildActionMask = 2147483647;
			files = (
				C2F7E594241107AB005CBEB6 /* 6ec3b446jw1e8qgp5bmzyj2050050aa8.jpg in Resources */,
				C2F7E5C7241107AB005CBEB6 /* 6a2afec3jw8fb4ld0qf2gj20e80dsdfz.jpg in Resources */,
				C2F7E5D6241107AB005CBEB6 /* eb5c94aegy1gav2509cp5j20zk0k0n2j.jpg in Resources */,
				C2F7E5D7241107AB005CBEB6 /* 4e7f0c83gy1gam2mn58d3j22tc240qv5.jpg in Resources */,
				C2F7E5A3241107AB005CBEB6 /* 4e7f0c83gy1gam2mp0x4pj22tc240u0x.jpg in Resources */,
				C2F7E5E3241107AB005CBEB6 /* 6ec3b446gy1gavd523embj20j60pytd6.jpg in Resources */,
				C2F7E5B0241107AB005CBEB6 /* 8a0b5544gy1gauy2gmkg9j20u00gegnp.jpg in Resources */,
				C2F7E5A6241107AB005CBEB6 /* 8a0b5544gy1gauy2ex786j20u0129aed.jpg in Resources */,
				C2F7E5C1241107AB005CBEB6 /* bca7fdafly1gax1gqehdaj20c80atq3x.jpg in Resources */,
				C2F7E5B9241107AB005CBEB6 /* 7f9147a5ly1fzxlh6hzdnj20e90fl7me.jpg in Resources */,
				C2F7E595241107AB005CBEB6 /* 8a0b5544jw1e8qgp5bmzyj2050050aa8.jpg in Resources */,
				C2F7E5D9241107AB005CBEB6 /* 630584a6gy1gau54zyj61j20m80etn07.jpg in Resources */,
				C2F7E5BD241107AB005CBEB6 /* bca7fdafly1gax1gqfgsjj20c80axaay.jpg in Resources */,
				C2F7E5A2241107AB005CBEB6 /* 6a2afec3gy1gaulykcejqj20t5145wns.jpg in Resources */,
				C2F7E5CC241107AB005CBEB6 /* d0c21786ly1gavj2btv6tj20c80790tg.jpg in Resources */,
				C2F7E5CF241107AB005CBEB6 /* 630584a6ly8fqs5wwkkmrj20ku0kuta7.jpg in Resources */,
				C2F7E592241107AB005CBEB6 /* 8697cf1ely8gashxj3b09j20u00u040v.jpg in Resources */,
				C2F7E5AB241107AB005CBEB6 /* 006gWxMEly8g0bjpl3ynij30kv0kv773.jpg in Resources */,
				C2F7E59A241107AB005CBEB6 /* 630584a6gy1gau54zl806j20m80etmzo.jpg in Resources */,
				C2F7E5B7241107AB005CBEB6 /* bca7fdafly1gax1gqdnboj20c80atmxp.jpg in Resources */,
				C2F7E5CB241107AB005CBEB6 /* 006PdkDogy1gap6ngiyn3j30u011idle.jpg in Resources */,
				C2F7E5A9241107AB005CBEB6 /* bca7fdafgw1ekhkps65b1j2050050dg4.jpg in Resources */,
				C2F7E59C241107AB005CBEB6 /* 8a0b5544gy1gauy2flua6j20u00hitab.jpg in Resources */,
				C2F7E5E4241107AB005CBEB6 /* 005tnxzUly8gab4i2r73xj30u00u0js8.jpg in Resources */,
				C2F7E5BE241107AB005CBEB6 /* c5aa834fly8g97m8ix9lcj20re0regnk.jpg in Resources */,
				C2F7E599241107AB005CBEB6 /* 006gWxMEly1gavap8dywoj30hs0bwq48.jpg in Resources */,
				C2F7E5B1241107AB005CBEB6 /* 006gWxMEly1gavap8vsqaj30hs0bwgm6.jpg in Resources */,
				C2F7E5D5241107AB005CBEB6 /* 700a34f6gy1gaunsxhp4pj20j60pkn1k.jpg in Resources */,
				C2F7E5A4241107AB005CBEB6 /* c5aa834fgy1gauzrb7s5ej20tz13qh5x.jpg in Resources */,
				C2F7E59B241107AB005CBEB6 /* 9dc7402fgy1gavd38wwlrj20j60nyq6y.jpg in Resources */,
				C2F7E593241107AB005CBEB6 /* d0c21786ly1gavj2c0kcej20c8096dh7.jpg in Resources */,
				C2F7E5D4241107AB005CBEB6 /* 76297935ly1gatz8g5rvxj22c03401kz.jpg in Resources */,
				C2F7E5C4241107AB005CBEB6 /* 006PdkDogy1gap6ngj12ej30u011itf7.jpg in Resources */,
				C2F7E597241107AB005CBEB6 /* 9dc7402fjw1e8qgp5bmzyj2050050aa8.jpg in Resources */,
				C2F7E5CD241107AB005CBEB6 /* PostListData_hot_1.json in Resources */,
				C2F7E5C2241107AB005CBEB6 /* d0c21786ly1gavj2d17d9j20c808zq3r.jpg in Resources */,
				C2F7E5D0241107AB005CBEB6 /* d0c21786ly1gavj2cowp9j20c8083ab4.jpg in Resources */,
				C2F7E5B2241107AB005CBEB6 /* 648ed25bjw8est9nqrtnij20500503yr.jpg in Resources */,
				C268D82F240FE53200432A22 /* LaunchScreen.storyboard in Resources */,
				C2F7E5B6241107AB005CBEB6 /* 700a34f6gy1gaunsxgzixj20j60edmz8.jpg in Resources */,
				C2F7E5D2241107AB005CBEB6 /* 006gWxMEly1gavap86qr9j30ht0qo40t.jpg in Resources */,
				C2F7E5AE241107AB005CBEB6 /* 4e7f0c83gy1gam2ml6nucj22tc240kjl.jpg in Resources */,
				C2F7E5C9241107AB005CBEB6 /* 8a0b5544gy1gauy2hcozsj20u01czdiy.jpg in Resources */,
				C2F7E5E0241107AB005CBEB6 /* 6ec3b446gy1gavd4xud8lj20j60qkwj0.jpg in Resources */,
				C2F7E5C5241107AB005CBEB6 /* 700a34f6gy1gaunsx2jywj20j60pkaeu.jpg in Resources */,
				C2F7E5A8241107AB005CBEB6 /* 700a34f6gy1gaunswy5qnj20j60pkadk.jpg in Resources */,
				C268D82C240FE53200432A22 /* Preview Assets.xcassets in Resources */,
				C2F7E5D3241107AB005CBEB6 /* 76297935ly1gatz8k5itij22c02c01ky.jpg in Resources */,
				C2F7E5D1241107AB005CBEB6 /* 9dc7402fgy1gavd367p0pj20j60nywic.jpg in Resources */,
				C2F7E5DE241107AB005CBEB6 /* 630584a6gy1gau54zgaxhj20m80et0vq.jpg in Resources */,
				C2F7E5E1241107AB005CBEB6 /* 4e7f0c83ly8g1ho507078j20ro0rojtq.jpg in Resources */,
				C2F7E5C8241107AB005CBEB6 /* bca7fdafly1gax1gqd9vmj20c80ayaam.jpg in Resources */,
				C2F7E59E241107AB005CBEB6 /* 7f9147a5ly1fzxlgxgzpij20e90fltsj.jpg in Resources */,
				C2F7E5CA241107AB005CBEB6 /* c5aa834fgy1gauzr95r6fj20tw0l3dq4.jpg in Resources */,
				C2F7E59F241107AB005CBEB6 /* 76297935ly1gatz8obqvkj22c0340npe.jpg in Resources */,
				C2F7E5BF241107AB005CBEB6 /* 700a34f6ly8g9a29rjt92j20fn0iqdg8.jpg in Resources */,
				C2F7E5AC241107AB005CBEB6 /* 6ec3b446gy1gavd51jc4lj20j60pmwhl.jpg in Resources */,
				C2F7E5D8241107AB005CBEB6 /* eb5c94aegy1gav26fycwlj20zk1h8drh.jpg in Resources */,
				C2F7E5A5241107AB005CBEB6 /* 700a34f6gy1gaunswxtlrj20j60pkgok.jpg in Resources */,
				C2F7E5CE241107AB005CBEB6 /* eb5c94aely8fmvumnl9baj20v90v9q49.jpg in Resources */,
				C2F7E5C6241107AB005CBEB6 /* 4e7f0c83gy1gam2mr1b81j22tc2407wi.jpg in Resources */,
				C268D829240FE53200432A22 /* Assets.xcassets in Resources */,
				C2F7E5AF241107AB005CBEB6 /* 4e7f0c83gy1gam2misv31j21hc0u016k.jpg in Resources */,
				C2F7E5DA241107AB005CBEB6 /* c5aa834fgy1gauzr8ok78j20tz12fk8w.jpg in Resources */,
				C2F7E5C0241107AB005CBEB6 /* d0c21786ly1gavj2cdrkyj20c80720tg.jpg in Resources */,
				C2F7E598241107AB005CBEB6 /* eb5c94aegy1gav25n5ibjj20zk1h8wuu.jpg in Resources */,
				C2F7E5DF241107AB005CBEB6 /* 4e7f0c83gy1gam2mjhk8zj21hc0v6wnx.jpg in Resources */,
				C2F7E5DC241107AB005CBEB6 /* 9dc7402fgy1gavd37l9nwj20j60ny44q.jpg in Resources */,
				C2F7E596241107AB005CBEB6 /* bca7fdafly1gax1gqdg6qj20c80avdgl.jpg in Resources */,
				C2F7E5DB241107AB005CBEB6 /* 76297935ly8g4phfkq68hj20u00u0mzt.jpg in Resources */,
				C2F7E5B8241107AB005CBEB6 /* c5aa834fgy1gauzr6venkj20u01hc12f.jpg in Resources */,
				C2F7E5B3241107AB005CBEB6 /* eb5c94aegy1gav25ox6dvj20u00k1go9.jpg in Resources */,
				C2F7E5DD241107AB005CBEB6 /* 700a34f6gy1gaunswwui7j20j60pl78e.jpg in Resources */,
				C2F7E5AD241107AB005CBEB6 /* 006gWxMEly1gavap88gttj30hs0a0dgf.jpg in Resources */,
				C2F7E5A1241107AB005CBEB6 /* 9dc7402fgy1gavd38kqjtj20j60nyn1d.jpg in Resources */,
				C2F7E5B4241107AB005CBEB6 /* 8a0b5544gy1gauy2g35yoj20u00fomzf.jpg in Resources */,
				C2F7E5B5241107AB005CBEB6 /* 006PdkDoly8ffywe2fq39j304g04gwed.jpg in Resources */,
				C2F7E5A0241107AB005CBEB6 /* d0c21786ly8fsax1ftiifj20ro0ro43g.jpg in Resources */,
				C2F7E5A7241107AB005CBEB6 /* 76297935ly1gatz89dzblj23402c0qv6.jpg in Resources */,
				C2F7E5C3241107AB005CBEB6 /* 8a0b5544gy1gauy2gz000j20u00n6wgj.jpg in Resources */,
				C2F7E5BA241107AB005CBEB6 /* 630584a6gy1gau54zm4dtj20m80dftbv.jpg in Resources */,
				C2F7E5E2241107AB005CBEB6 /* bca7fdafly1gax1gqdhouj20c80axaam.jpg in Resources */,
				C2F7E5BC241107AB005CBEB6 /* 9dc7402fgy1gavd39ba15j20j60nywii.jpg in Resources */,
				C2F7E5BB241107AB005CBEB6 /* c5aa834fgy1gauzr86bp5j20pb0w47in.jpg in Resources */,
				C2F7E5AA241107AB005CBEB6 /* PostListData_recommend_1.json in Resources */,
				C2F7E59D241107AB005CBEB6 /* 7f9147a5ly1fzxlh4ovuej20e90fl4fo.jpg in Resources */,
			);
			runOnlyForDeploymentPostprocessing = 0;
		};
		C268D833240FE53300432A22 /* Resources */ = {
			isa = PBXResourcesBuildPhase;
			buildActionMask = 2147483647;
			files = (
			);
			runOnlyForDeploymentPostprocessing = 0;
		};
		C268D83E240FE53300432A22 /* Resources */ = {
			isa = PBXResourcesBuildPhase;
			buildActionMask = 2147483647;
			files = (
			);
			runOnlyForDeploymentPostprocessing = 0;
		};
/* End PBXResourcesBuildPhase section */

/* Begin PBXSourcesBuildPhase section */
		C268D81B240FE53100432A22 /* Sources */ = {
			isa = PBXSourcesBuildPhase;
			buildActionMask = 2147483647;
			files = (
				C29E8FBA2413C6C100392267 /* UserData.swift in Sources */,
				C277E1D324165A8B00EBA50B /* KeyboardResponder.swift in Sources */,
				C268D823240FE53100432A22 /* AppDelegate.swift in Sources */,
				C25B8BEF241503EE004FF896 /* HScrollViewController.swift in Sources */,
				C277E1D12416491000EBA50B /* CommentTextView.swift in Sources */,
				C259227E2413597C000D161A /* PostDetailView.swift in Sources */,
				C268D825240FE53100432A22 /* SceneDelegate.swift in Sources */,
				C234BC7024125DDE008237B4 /* PostListView.swift in Sources */,
				C268D827240FE53100432A22 /* ContentView.swift in Sources */,
				C277E1CF241633E400EBA50B /* CommentInputView.swift in Sources */,
				C234BC6E241252EB008237B4 /* PostCellToolbarButton.swift in Sources */,
				C2E8DB5E2411F31400D78FD3 /* Post.swift in Sources */,
				C29E8FB62413A9D100392267 /* HomeNavigationBar.swift in Sources */,
				C268D855240FEAA200432A22 /* PostCell.swift in Sources */,
				C29E8FB82413C3B500392267 /* HomeView.swift in Sources */,
				C259227C24134777000D161A /* PostImageCell.swift in Sources */,
				C2F7E5E624110D80005CBEB6 /* PostVIPBadge.swift in Sources */,
			);
			runOnlyForDeploymentPostprocessing = 0;
		};
		C268D831240FE53300432A22 /* Sources */ = {
			isa = PBXSourcesBuildPhase;
			buildActionMask = 2147483647;
			files = (
				C268D83A240FE53300432A22 /* WeiboDemoTests.swift in Sources */,
			);
			runOnlyForDeploymentPostprocessing = 0;
		};
		C268D83C240FE53300432A22 /* Sources */ = {
			isa = PBXSourcesBuildPhase;
			buildActionMask = 2147483647;
			files = (
				C268D845240FE53300432A22 /* WeiboDemoUITests.swift in Sources */,
			);
			runOnlyForDeploymentPostprocessing = 0;
		};
/* End PBXSourcesBuildPhase section */

/* Begin PBXTargetDependency section */
		C268D837240FE53300432A22 /* PBXTargetDependency */ = {
			isa = PBXTargetDependency;
			target = C268D81E240FE53100432A22 /* WeiboDemo */;
			targetProxy = C268D836240FE53300432A22 /* PBXContainerItemProxy */;
		};
		C268D842240FE53300432A22 /* PBXTargetDependency */ = {
			isa = PBXTargetDependency;
			target = C268D81E240FE53100432A22 /* WeiboDemo */;
			targetProxy = C268D841240FE53300432A22 /* PBXContainerItemProxy */;
		};
/* End PBXTargetDependency section */

/* Begin PBXVariantGroup section */
		C268D82D240FE53200432A22 /* LaunchScreen.storyboard */ = {
			isa = PBXVariantGroup;
			children = (
				C268D82E240FE53200432A22 /* Base */,
			);
			name = LaunchScreen.storyboard;
			sourceTree = "<group>";
		};
/* End PBXVariantGroup section */

/* Begin XCBuildConfiguration section */
		C268D847240FE53300432A22 /* Debug */ = {
			isa = XCBuildConfiguration;
			buildSettings = {
				ALWAYS_SEARCH_USER_PATHS = NO;
				CLANG_ANALYZER_NONNULL = YES;
				CLANG_ANALYZER_NUMBER_OBJECT_CONVERSION = YES_AGGRESSIVE;
				CLANG_CXX_LANGUAGE_STANDARD = "gnu++14";
				CLANG_CXX_LIBRARY = "libc++";
				CLANG_ENABLE_MODULES = YES;
				CLANG_ENABLE_OBJC_ARC = YES;
				CLANG_ENABLE_OBJC_WEAK = YES;
				CLANG_WARN_BLOCK_CAPTURE_AUTORELEASING = YES;
				CLANG_WARN_BOOL_CONVERSION = YES;
				CLANG_WARN_COMMA = YES;
				CLANG_WARN_CONSTANT_CONVERSION = YES;
				CLANG_WARN_DEPRECATED_OBJC_IMPLEMENTATIONS = YES;
				CLANG_WARN_DIRECT_OBJC_ISA_USAGE = YES_ERROR;
				CLANG_WARN_DOCUMENTATION_COMMENTS = YES;
				CLANG_WARN_EMPTY_BODY = YES;
				CLANG_WARN_ENUM_CONVERSION = YES;
				CLANG_WARN_INFINITE_RECURSION = YES;
				CLANG_WARN_INT_CONVERSION = YES;
				CLANG_WARN_NON_LITERAL_NULL_CONVERSION = YES;
				CLANG_WARN_OBJC_IMPLICIT_RETAIN_SELF = YES;
				CLANG_WARN_OBJC_LITERAL_CONVERSION = YES;
				CLANG_WARN_OBJC_ROOT_CLASS = YES_ERROR;
				CLANG_WARN_RANGE_LOOP_ANALYSIS = YES;
				CLANG_WARN_STRICT_PROTOTYPES = YES;
				CLANG_WARN_SUSPICIOUS_MOVE = YES;
				CLANG_WARN_UNGUARDED_AVAILABILITY = YES_AGGRESSIVE;
				CLANG_WARN_UNREACHABLE_CODE = YES;
				CLANG_WARN__DUPLICATE_METHOD_MATCH = YES;
				COPY_PHASE_STRIP = NO;
				DEBUG_INFORMATION_FORMAT = dwarf;
				ENABLE_STRICT_OBJC_MSGSEND = YES;
				ENABLE_TESTABILITY = YES;
				GCC_C_LANGUAGE_STANDARD = gnu11;
				GCC_DYNAMIC_NO_PIC = NO;
				GCC_NO_COMMON_BLOCKS = YES;
				GCC_OPTIMIZATION_LEVEL = 0;
				GCC_PREPROCESSOR_DEFINITIONS = (
					"DEBUG=1",
					"$(inherited)",
				);
				GCC_WARN_64_TO_32_BIT_CONVERSION = YES;
				GCC_WARN_ABOUT_RETURN_TYPE = YES_ERROR;
				GCC_WARN_UNDECLARED_SELECTOR = YES;
				GCC_WARN_UNINITIALIZED_AUTOS = YES_AGGRESSIVE;
				GCC_WARN_UNUSED_FUNCTION = YES;
				GCC_WARN_UNUSED_VARIABLE = YES;
				IPHONEOS_DEPLOYMENT_TARGET = 13.2;
				MTL_ENABLE_DEBUG_INFO = INCLUDE_SOURCE;
				MTL_FAST_MATH = YES;
				ONLY_ACTIVE_ARCH = YES;
				SDKROOT = iphoneos;
				SWIFT_ACTIVE_COMPILATION_CONDITIONS = DEBUG;
				SWIFT_OPTIMIZATION_LEVEL = "-Onone";
			};
			name = Debug;
		};
		C268D848240FE53300432A22 /* Release */ = {
			isa = XCBuildConfiguration;
			buildSettings = {
				ALWAYS_SEARCH_USER_PATHS = NO;
				CLANG_ANALYZER_NONNULL = YES;
				CLANG_ANALYZER_NUMBER_OBJECT_CONVERSION = YES_AGGRESSIVE;
				CLANG_CXX_LANGUAGE_STANDARD = "gnu++14";
				CLANG_CXX_LIBRARY = "libc++";
				CLANG_ENABLE_MODULES = YES;
				CLANG_ENABLE_OBJC_ARC = YES;
				CLANG_ENABLE_OBJC_WEAK = YES;
				CLANG_WARN_BLOCK_CAPTURE_AUTORELEASING = YES;
				CLANG_WARN_BOOL_CONVERSION = YES;
				CLANG_WARN_COMMA = YES;
				CLANG_WARN_CONSTANT_CONVERSION = YES;
				CLANG_WARN_DEPRECATED_OBJC_IMPLEMENTATIONS = YES;
				CLANG_WARN_DIRECT_OBJC_ISA_USAGE = YES_ERROR;
				CLANG_WARN_DOCUMENTATION_COMMENTS = YES;
				CLANG_WARN_EMPTY_BODY = YES;
				CLANG_WARN_ENUM_CONVERSION = YES;
				CLANG_WARN_INFINITE_RECURSION = YES;
				CLANG_WARN_INT_CONVERSION = YES;
				CLANG_WARN_NON_LITERAL_NULL_CONVERSION = YES;
				CLANG_WARN_OBJC_IMPLICIT_RETAIN_SELF = YES;
				CLANG_WARN_OBJC_LITERAL_CONVERSION = YES;
				CLANG_WARN_OBJC_ROOT_CLASS = YES_ERROR;
				CLANG_WARN_RANGE_LOOP_ANALYSIS = YES;
				CLANG_WARN_STRICT_PROTOTYPES = YES;
				CLANG_WARN_SUSPICIOUS_MOVE = YES;
				CLANG_WARN_UNGUARDED_AVAILABILITY = YES_AGGRESSIVE;
				CLANG_WARN_UNREACHABLE_CODE = YES;
				CLANG_WARN__DUPLICATE_METHOD_MATCH = YES;
				COPY_PHASE_STRIP = NO;
				DEBUG_INFORMATION_FORMAT = "dwarf-with-dsym";
				ENABLE_NS_ASSERTIONS = NO;
				ENABLE_STRICT_OBJC_MSGSEND = YES;
				GCC_C_LANGUAGE_STANDARD = gnu11;
				GCC_NO_COMMON_BLOCKS = YES;
				GCC_WARN_64_TO_32_BIT_CONVERSION = YES;
				GCC_WARN_ABOUT_RETURN_TYPE = YES_ERROR;
				GCC_WARN_UNDECLARED_SELECTOR = YES;
				GCC_WARN_UNINITIALIZED_AUTOS = YES_AGGRESSIVE;
				GCC_WARN_UNUSED_FUNCTION = YES;
				GCC_WARN_UNUSED_VARIABLE = YES;
				IPHONEOS_DEPLOYMENT_TARGET = 13.2;
				MTL_ENABLE_DEBUG_INFO = NO;
				MTL_FAST_MATH = YES;
				SDKROOT = iphoneos;
				SWIFT_COMPILATION_MODE = wholemodule;
				SWIFT_OPTIMIZATION_LEVEL = "-O";
				VALIDATE_PRODUCT = YES;
			};
			name = Release;
		};
		C268D84A240FE53300432A22 /* Debug */ = {
			isa = XCBuildConfiguration;
			buildSettings = {
				ASSETCATALOG_COMPILER_APPICON_NAME = AppIcon;
				CODE_SIGN_STYLE = Automatic;
				DEVELOPMENT_ASSET_PATHS = "\"WeiboDemo/Preview Content\"";
				ENABLE_PREVIEWS = YES;
				INFOPLIST_FILE = WeiboDemo/Info.plist;
				LD_RUNPATH_SEARCH_PATHS = (
					"$(inherited)",
					"@executable_path/Frameworks",
				);
				PRODUCT_BUNDLE_IDENTIFIER = com.neu.WeiboDemo;
				PRODUCT_NAME = "$(TARGET_NAME)";
				SWIFT_VERSION = 5.0;
				TARGETED_DEVICE_FAMILY = "1,2";
			};
			name = Debug;
		};
		C268D84B240FE53300432A22 /* Release */ = {
			isa = XCBuildConfiguration;
			buildSettings = {
				ASSETCATALOG_COMPILER_APPICON_NAME = AppIcon;
				CODE_SIGN_STYLE = Automatic;
				DEVELOPMENT_ASSET_PATHS = "\"WeiboDemo/Preview Content\"";
				ENABLE_PREVIEWS = YES;
				INFOPLIST_FILE = WeiboDemo/Info.plist;
				LD_RUNPATH_SEARCH_PATHS = (
					"$(inherited)",
					"@executable_path/Frameworks",
				);
				PRODUCT_BUNDLE_IDENTIFIER = com.neu.WeiboDemo;
				PRODUCT_NAME = "$(TARGET_NAME)";
				SWIFT_VERSION = 5.0;
				TARGETED_DEVICE_FAMILY = "1,2";
			};
			name = Release;
		};
		C268D84D240FE53300432A22 /* Debug */ = {
			isa = XCBuildConfiguration;
			buildSettings = {
				ALWAYS_EMBED_SWIFT_STANDARD_LIBRARIES = YES;
				BUNDLE_LOADER = "$(TEST_HOST)";
				CODE_SIGN_STYLE = Automatic;
				INFOPLIST_FILE = WeiboDemoTests/Info.plist;
				IPHONEOS_DEPLOYMENT_TARGET = 13.2;
				LD_RUNPATH_SEARCH_PATHS = (
					"$(inherited)",
					"@executable_path/Frameworks",
					"@loader_path/Frameworks",
				);
				PRODUCT_BUNDLE_IDENTIFIER = com.neu.WeiboDemoTests;
				PRODUCT_NAME = "$(TARGET_NAME)";
				SWIFT_VERSION = 5.0;
				TARGETED_DEVICE_FAMILY = "1,2";
				TEST_HOST = "$(BUILT_PRODUCTS_DIR)/WeiboDemo.app/WeiboDemo";
			};
			name = Debug;
		};
		C268D84E240FE53300432A22 /* Release */ = {
			isa = XCBuildConfiguration;
			buildSettings = {
				ALWAYS_EMBED_SWIFT_STANDARD_LIBRARIES = YES;
				BUNDLE_LOADER = "$(TEST_HOST)";
				CODE_SIGN_STYLE = Automatic;
				INFOPLIST_FILE = WeiboDemoTests/Info.plist;
				IPHONEOS_DEPLOYMENT_TARGET = 13.2;
				LD_RUNPATH_SEARCH_PATHS = (
					"$(inherited)",
					"@executable_path/Frameworks",
					"@loader_path/Frameworks",
				);
				PRODUCT_BUNDLE_IDENTIFIER = com.neu.WeiboDemoTests;
				PRODUCT_NAME = "$(TARGET_NAME)";
				SWIFT_VERSION = 5.0;
				TARGETED_DEVICE_FAMILY = "1,2";
				TEST_HOST = "$(BUILT_PRODUCTS_DIR)/WeiboDemo.app/WeiboDemo";
			};
			name = Release;
		};
		C268D850240FE53300432A22 /* Debug */ = {
			isa = XCBuildConfiguration;
			buildSettings = {
				ALWAYS_EMBED_SWIFT_STANDARD_LIBRARIES = YES;
				CODE_SIGN_STYLE = Automatic;
				INFOPLIST_FILE = WeiboDemoUITests/Info.plist;
				LD_RUNPATH_SEARCH_PATHS = (
					"$(inherited)",
					"@executable_path/Frameworks",
					"@loader_path/Frameworks",
				);
				PRODUCT_BUNDLE_IDENTIFIER = com.neu.WeiboDemoUITests;
				PRODUCT_NAME = "$(TARGET_NAME)";
				SWIFT_VERSION = 5.0;
				TARGETED_DEVICE_FAMILY = "1,2";
				TEST_TARGET_NAME = WeiboDemo;
			};
			name = Debug;
		};
		C268D851240FE53300432A22 /* Release */ = {
			isa = XCBuildConfiguration;
			buildSettings = {
				ALWAYS_EMBED_SWIFT_STANDARD_LIBRARIES = YES;
				CODE_SIGN_STYLE = Automatic;
				INFOPLIST_FILE = WeiboDemoUITests/Info.plist;
				LD_RUNPATH_SEARCH_PATHS = (
					"$(inherited)",
					"@executable_path/Frameworks",
					"@loader_path/Frameworks",
				);
				PRODUCT_BUNDLE_IDENTIFIER = com.neu.WeiboDemoUITests;
				PRODUCT_NAME = "$(TARGET_NAME)";
				SWIFT_VERSION = 5.0;
				TARGETED_DEVICE_FAMILY = "1,2";
				TEST_TARGET_NAME = WeiboDemo;
			};
			name = Release;
		};
/* End XCBuildConfiguration section */

/* Begin XCConfigurationList section */
		C268D81A240FE53100432A22 /* Build configuration list for PBXProject "WeiboDemo" */ = {
			isa = XCConfigurationList;
			buildConfigurations = (
				C268D847240FE53300432A22 /* Debug */,
				C268D848240FE53300432A22 /* Release */,
			);
			defaultConfigurationIsVisible = 0;
			defaultConfigurationName = Release;
		};
		C268D849240FE53300432A22 /* Build configuration list for PBXNativeTarget "WeiboDemo" */ = {
			isa = XCConfigurationList;
			buildConfigurations = (
				C268D84A240FE53300432A22 /* Debug */,
				C268D84B240FE53300432A22 /* Release */,
			);
			defaultConfigurationIsVisible = 0;
			defaultConfigurationName = Release;
		};
		C268D84C240FE53300432A22 /* Build configuration list for PBXNativeTarget "WeiboDemoTests" */ = {
			isa = XCConfigurationList;
			buildConfigurations = (
				C268D84D240FE53300432A22 /* Debug */,
				C268D84E240FE53300432A22 /* Release */,
			);
			defaultConfigurationIsVisible = 0;
			defaultConfigurationName = Release;
		};
		C268D84F240FE53300432A22 /* Build configuration list for PBXNativeTarget "WeiboDemoUITests" */ = {
			isa = XCConfigurationList;
			buildConfigurations = (
				C268D850240FE53300432A22 /* Debug */,
				C268D851240FE53300432A22 /* Release */,
			);
			defaultConfigurationIsVisible = 0;
			defaultConfigurationName = Release;
		};
/* End XCConfigurationList section */
	};
	rootObject = C268D817240FE53100432A22 /* Project object */;
}
